// !$*UTF8*$!
{
	archiveVersion = 1;
	classes = {
	};
	objectVersion = 56;
	objects = {

/* Begin PBXBuildFile section */
		654250D12C2092B300E74974 /* IssueView.swift in Sources */ = {isa = PBXBuildFile; fileRef = 654250D02C2092B300E74974 /* IssueView.swift */; };
		654250D32C2092B900E74974 /* NoIssueView.swift in Sources */ = {isa = PBXBuildFile; fileRef = 654250D22C2092B900E74974 /* NoIssueView.swift */; };
		654250D52C2CA32800E74974 /* Bundle-Decodable.swift in Sources */ = {isa = PBXBuildFile; fileRef = 654250D42C2CA32800E74974 /* Bundle-Decodable.swift */; };
		654250D92C2CA75700E74974 /* Colors.xcassets in Resources */ = {isa = PBXBuildFile; fileRef = 654250D72C2CA75700E74974 /* Colors.xcassets */; };
		654250DB2C2CA7EC00E74974 /* Award.swift in Sources */ = {isa = PBXBuildFile; fileRef = 654250DA2C2CA7EC00E74974 /* Award.swift */; };
		654250DD2C2CA89700E74974 /* AwardsView.swift in Sources */ = {isa = PBXBuildFile; fileRef = 654250DC2C2CA89700E74974 /* AwardsView.swift */; };
		656099472C18CE47009A98C6 /* Issue-CoreDataHelpers.swift in Sources */ = {isa = PBXBuildFile; fileRef = 656099462C18CE47009A98C6 /* Issue-CoreDataHelpers.swift */; };
		656099492C1B8B77009A98C6 /* Tag-CoreDataHelpers.swift in Sources */ = {isa = PBXBuildFile; fileRef = 656099482C1B8B77009A98C6 /* Tag-CoreDataHelpers.swift */; };
		6560994B2C1B94A4009A98C6 /* IssueRow.swift in Sources */ = {isa = PBXBuildFile; fileRef = 6560994A2C1B94A4009A98C6 /* IssueRow.swift */; };
		656ACD6D2C4EDD6A0072D9B1 /* InlineNavigationBar.swift in Sources */ = {isa = PBXBuildFile; fileRef = 656ACD6C2C4EDD6A0072D9B1 /* InlineNavigationBar.swift */; };
		656ACD732C4EE3070072D9B1 /* WidgetKit.framework in Frameworks */ = {isa = PBXBuildFile; fileRef = 65A344B82C4D115D00E52D8D /* WidgetKit.framework */; };
		656ACD742C4EE3070072D9B1 /* SwiftUI.framework in Frameworks */ = {isa = PBXBuildFile; fileRef = 65A344BA2C4D115D00E52D8D /* SwiftUI.framework */; };
		656ACD7B2C4EE3080072D9B1 /* Assets.xcassets in Resources */ = {isa = PBXBuildFile; fileRef = 656ACD7A2C4EE3080072D9B1 /* Assets.xcassets */; };
		656ACD842C4EE35D0072D9B1 /* Filter.swift in Sources */ = {isa = PBXBuildFile; fileRef = 65DD7BC02C1797FC002631FC /* Filter.swift */; };
		656ACD852C4EE35D0072D9B1 /* ComplexPortfolioWidget.swift in Sources */ = {isa = PBXBuildFile; fileRef = 65A85B632C4D642D009E2B7A /* ComplexPortfolioWidget.swift */; };
		656ACD862C4EE35D0072D9B1 /* SimplePortfolioWidget.swift in Sources */ = {isa = PBXBuildFile; fileRef = 65A344BF2C4D115D00E52D8D /* SimplePortfolioWidget.swift */; };
		656ACD872C4EE35D0072D9B1 /* UltimatePortfolioWidgetBundle.swift in Sources */ = {isa = PBXBuildFile; fileRef = 65A344BD2C4D115D00E52D8D /* UltimatePortfolioWidgetBundle.swift */; };
		656ACD882C4EE35D0072D9B1 /* Tag-CoreDataHelpers.swift in Sources */ = {isa = PBXBuildFile; fileRef = 656099482C1B8B77009A98C6 /* Tag-CoreDataHelpers.swift */; };
		656ACD892C4EE35D0072D9B1 /* DataController.swift in Sources */ = {isa = PBXBuildFile; fileRef = 65EF68D52C17491B00232A30 /* DataController.swift */; };
		656ACD8A2C4EE35D0072D9B1 /* DataController-StoreKit.swift in Sources */ = {isa = PBXBuildFile; fileRef = 65A344A92C45841200E52D8D /* DataController-StoreKit.swift */; };
		656ACD8B2C4EE35D0072D9B1 /* Issue-CoreDataHelpers.swift in Sources */ = {isa = PBXBuildFile; fileRef = 656099462C18CE47009A98C6 /* Issue-CoreDataHelpers.swift */; };
		656ACD8C2C4EE3610072D9B1 /* Main.xcdatamodeld in Sources */ = {isa = PBXBuildFile; fileRef = 65EF68D22C173D5B00232A30 /* Main.xcdatamodeld */; };
		656ACD8D2C4EE49F0072D9B1 /* UltimatePortfolioWidgetMacExtension.appex in Embed Foundation Extensions */ = {isa = PBXBuildFile; fileRef = 656ACD722C4EE3070072D9B1 /* UltimatePortfolioWidgetMacExtension.appex */; platformFilters = (macos, ); settings = {ATTRIBUTES = (RemoveHeadersOnCopy, ); }; };
		656ACD912C4EFF4A0072D9B1 /* MacFrame.swift in Sources */ = {isa = PBXBuildFile; fileRef = 656ACD902C4EFF4A0072D9B1 /* MacFrame.swift */; };
		656ACD932C4F02100072D9B1 /* Credits.rtf in Resources */ = {isa = PBXBuildFile; fileRef = 656ACD922C4F02100072D9B1 /* Credits.rtf */; };
		659495CC2C3301FB00B31BDA /* Localizable.strings in Resources */ = {isa = PBXBuildFile; fileRef = 659495CA2C3301FB00B31BDA /* Localizable.strings */; };
		659495CF2C33064A00B31BDA /* Localizable.stringsdict in Resources */ = {isa = PBXBuildFile; fileRef = 659495CD2C33064A00B31BDA /* Localizable.stringsdict */; };
		659495D42C330FBF00B31BDA /* Awards.json in Resources */ = {isa = PBXBuildFile; fileRef = 659495D32C330FBF00B31BDA /* Awards.json */; };
		659495D72C33120F00B31BDA /* SidebarViewToolbar.swift in Sources */ = {isa = PBXBuildFile; fileRef = 659495D62C33120F00B31BDA /* SidebarViewToolbar.swift */; };
		659495D92C33137A00B31BDA /* IssueViewToolbar.swift in Sources */ = {isa = PBXBuildFile; fileRef = 659495D82C33137A00B31BDA /* IssueViewToolbar.swift */; };
		659495DB2C33140100B31BDA /* ContentViewToolbar.swift in Sources */ = {isa = PBXBuildFile; fileRef = 659495DA2C33140100B31BDA /* ContentViewToolbar.swift */; };
		659495DD2C33156700B31BDA /* TagsMenuView.swift in Sources */ = {isa = PBXBuildFile; fileRef = 659495DC2C33156700B31BDA /* TagsMenuView.swift */; };
		659495DF2C33164C00B31BDA /* SmartFilterRow.swift in Sources */ = {isa = PBXBuildFile; fileRef = 659495DE2C33164C00B31BDA /* SmartFilterRow.swift */; };
		659495E12C3316AE00B31BDA /* UserFilterRow.swift in Sources */ = {isa = PBXBuildFile; fileRef = 659495E02C3316AE00B31BDA /* UserFilterRow.swift */; };
		65A344A72C43B68900E52D8D /* DataController-Notifications.swift in Sources */ = {isa = PBXBuildFile; fileRef = 65A344A62C43B68900E52D8D /* DataController-Notifications.swift */; };
		65A344AA2C45841200E52D8D /* DataController-StoreKit.swift in Sources */ = {isa = PBXBuildFile; fileRef = 65A344A92C45841200E52D8D /* DataController-StoreKit.swift */; };
		65A344AD2C45911700E52D8D /* StoreView.swift in Sources */ = {isa = PBXBuildFile; fileRef = 65A344AC2C45911700E52D8D /* StoreView.swift */; };
		65A344AF2C4C662C00E52D8D /* AppDelegate.swift in Sources */ = {isa = PBXBuildFile; fileRef = 65A344AE2C4C662C00E52D8D /* AppDelegate.swift */; };
		65A344B12C4C663200E52D8D /* SceneDelegate.swift in Sources */ = {isa = PBXBuildFile; fileRef = 65A344B02C4C663200E52D8D /* SceneDelegate.swift */; };
		65A344B92C4D115D00E52D8D /* WidgetKit.framework in Frameworks */ = {isa = PBXBuildFile; fileRef = 65A344B82C4D115D00E52D8D /* WidgetKit.framework */; };
		65A344BB2C4D115D00E52D8D /* SwiftUI.framework in Frameworks */ = {isa = PBXBuildFile; fileRef = 65A344BA2C4D115D00E52D8D /* SwiftUI.framework */; };
		65A344BE2C4D115D00E52D8D /* UltimatePortfolioWidgetBundle.swift in Sources */ = {isa = PBXBuildFile; fileRef = 65A344BD2C4D115D00E52D8D /* UltimatePortfolioWidgetBundle.swift */; };
		65A344C02C4D115D00E52D8D /* SimplePortfolioWidget.swift in Sources */ = {isa = PBXBuildFile; fileRef = 65A344BF2C4D115D00E52D8D /* SimplePortfolioWidget.swift */; };
		65A344C22C4D115F00E52D8D /* Assets.xcassets in Resources */ = {isa = PBXBuildFile; fileRef = 65A344C12C4D115F00E52D8D /* Assets.xcassets */; };
		65A344C62C4D115F00E52D8D /* UltimatePortfolioWidgetExtension.appex in Embed Foundation Extensions */ = {isa = PBXBuildFile; fileRef = 65A344B62C4D115D00E52D8D /* UltimatePortfolioWidgetExtension.appex */; platformFilter = ios; settings = {ATTRIBUTES = (RemoveHeadersOnCopy, ); }; };
		65A344CB2C4D124000E52D8D /* Main.xcdatamodeld in Sources */ = {isa = PBXBuildFile; fileRef = 65EF68D22C173D5B00232A30 /* Main.xcdatamodeld */; };
		65A344CC2C4D125700E52D8D /* DataController.swift in Sources */ = {isa = PBXBuildFile; fileRef = 65EF68D52C17491B00232A30 /* DataController.swift */; };
		65A344CD2C4D126100E52D8D /* Issue-CoreDataHelpers.swift in Sources */ = {isa = PBXBuildFile; fileRef = 656099462C18CE47009A98C6 /* Issue-CoreDataHelpers.swift */; };
		65A344CE2C4D126100E52D8D /* Tag-CoreDataHelpers.swift in Sources */ = {isa = PBXBuildFile; fileRef = 656099482C1B8B77009A98C6 /* Tag-CoreDataHelpers.swift */; };
		65A344CF2C4D12AE00E52D8D /* Filter.swift in Sources */ = {isa = PBXBuildFile; fileRef = 65DD7BC02C1797FC002631FC /* Filter.swift */; };
		65A344D22C4D130600E52D8D /* DataController-StoreKit.swift in Sources */ = {isa = PBXBuildFile; fileRef = 65A344A92C45841200E52D8D /* DataController-StoreKit.swift */; };
		65A344D42C4D137200E52D8D /* DataController-Awards.swift in Sources */ = {isa = PBXBuildFile; fileRef = 65A344D32C4D137200E52D8D /* DataController-Awards.swift */; };
		65A85B622C4D62B5009E2B7A /* Localizable.strings in Resources */ = {isa = PBXBuildFile; fileRef = 659495CA2C3301FB00B31BDA /* Localizable.strings */; };
		65A85B642C4D642D009E2B7A /* ComplexPortfolioWidget.swift in Sources */ = {isa = PBXBuildFile; fileRef = 65A85B632C4D642D009E2B7A /* ComplexPortfolioWidget.swift */; };
		65B8F3692C372EA600E28252 /* UltimatePortfolioTests.swift in Sources */ = {isa = PBXBuildFile; fileRef = 65B8F3682C372EA600E28252 /* UltimatePortfolioTests.swift */; };
		65B8F3702C38447100E28252 /* AssetTests.swift in Sources */ = {isa = PBXBuildFile; fileRef = 65B8F36F2C38447100E28252 /* AssetTests.swift */; };
		65B8F3722C38758700E28252 /* TagTests.swift in Sources */ = {isa = PBXBuildFile; fileRef = 65B8F3712C38758700E28252 /* TagTests.swift */; };
		65B8F3742C39CD4300E28252 /* AwardTests.swift in Sources */ = {isa = PBXBuildFile; fileRef = 65B8F3732C39CD4300E28252 /* AwardTests.swift */; };
		65B8F3762C39DB2000E28252 /* DevelopmentTests.swift in Sources */ = {isa = PBXBuildFile; fileRef = 65B8F3752C39DB2000E28252 /* DevelopmentTests.swift */; };
		65B8F3782C3ACBD300E28252 /* ExtensionTests.swift in Sources */ = {isa = PBXBuildFile; fileRef = 65B8F3772C3ACBD300E28252 /* ExtensionTests.swift */; };
		65B8F37B2C3AFEE700E28252 /* DecodableDictionary.json in Resources */ = {isa = PBXBuildFile; fileRef = 65B8F37A2C3AFEE700E28252 /* DecodableDictionary.json */; };
		65B8F37D2C3AFF1800E28252 /* DecodableString.json in Resources */ = {isa = PBXBuildFile; fileRef = 65B8F37C2C3AFF1800E28252 /* DecodableString.json */; };
		65B8F37F2C3B01F400E28252 /* PerformanceTests.swift in Sources */ = {isa = PBXBuildFile; fileRef = 65B8F37E2C3B01F400E28252 /* PerformanceTests.swift */; };
		65B8F3872C3B06FA00E28252 /* UltimatePortfolioUITests.swift in Sources */ = {isa = PBXBuildFile; fileRef = 65B8F3862C3B06FA00E28252 /* UltimatePortfolioUITests.swift */; };
		65B8F3892C3B06FA00E28252 /* UltimatePortfolioUITestsLaunchTests.swift in Sources */ = {isa = PBXBuildFile; fileRef = 65B8F3882C3B06FA00E28252 /* UltimatePortfolioUITestsLaunchTests.swift */; };
		65C4AE572C4F03FE0014FB1C /* Assets.xcassets in Resources */ = {isa = PBXBuildFile; fileRef = 65C4AE562C4F03FE0014FB1C /* Assets.xcassets */; };
		65C4AE5A2C4F03FE0014FB1C /* Preview Assets.xcassets in Resources */ = {isa = PBXBuildFile; fileRef = 65C4AE592C4F03FE0014FB1C /* Preview Assets.xcassets */; };
		65C4AE5D2C4F03FE0014FB1C /* UltimatePortfolioWatch Watch App.app in Embed Watch Content */ = {isa = PBXBuildFile; fileRef = 65C4AE502C4F03FA0014FB1C /* UltimatePortfolioWatch Watch App.app */; platformFilter = ios; settings = {ATTRIBUTES = (RemoveHeadersOnCopy, ); }; };
		65C4AE622C4F04720014FB1C /* Tag-CoreDataHelpers.swift in Sources */ = {isa = PBXBuildFile; fileRef = 656099482C1B8B77009A98C6 /* Tag-CoreDataHelpers.swift */; };
		65C4AE632C4F04720014FB1C /* ContentView.swift in Sources */ = {isa = PBXBuildFile; fileRef = 65EF68C52C17301000232A30 /* ContentView.swift */; };
		65C4AE642C4F04720014FB1C /* SidebarViewToolbar.swift in Sources */ = {isa = PBXBuildFile; fileRef = 659495D62C33120F00B31BDA /* SidebarViewToolbar.swift */; };
		65C4AE652C4F04720014FB1C /* DataController-Notifications.swift in Sources */ = {isa = PBXBuildFile; fileRef = 65A344A62C43B68900E52D8D /* DataController-Notifications.swift */; };
		65C4AE662C4F04720014FB1C /* TagsMenuView.swift in Sources */ = {isa = PBXBuildFile; fileRef = 659495DC2C33156700B31BDA /* TagsMenuView.swift */; };
		65C4AE672C4F04720014FB1C /* Award.swift in Sources */ = {isa = PBXBuildFile; fileRef = 654250DA2C2CA7EC00E74974 /* Award.swift */; };
		65C4AE682C4F04720014FB1C /* SmartFilterRow.swift in Sources */ = {isa = PBXBuildFile; fileRef = 659495DE2C33164C00B31BDA /* SmartFilterRow.swift */; };
		65C4AE692C4F04720014FB1C /* IssueViewToolbar.swift in Sources */ = {isa = PBXBuildFile; fileRef = 659495D82C33137A00B31BDA /* IssueViewToolbar.swift */; };
		65C4AE6A2C4F04720014FB1C /* IssueRow.swift in Sources */ = {isa = PBXBuildFile; fileRef = 6560994A2C1B94A4009A98C6 /* IssueRow.swift */; };
		65C4AE6B2C4F04720014FB1C /* InlineNavigationBar.swift in Sources */ = {isa = PBXBuildFile; fileRef = 656ACD6C2C4EDD6A0072D9B1 /* InlineNavigationBar.swift */; };
		65C4AE6C2C4F04720014FB1C /* NoIssueView.swift in Sources */ = {isa = PBXBuildFile; fileRef = 654250D22C2092B900E74974 /* NoIssueView.swift */; };
		65C4AE6D2C4F04720014FB1C /* IssueRowViewModel.swift in Sources */ = {isa = PBXBuildFile; fileRef = 65D21FAF2C3C3EB700EEB836 /* IssueRowViewModel.swift */; };
		65C4AE6E2C4F04720014FB1C /* Bundle-Decodable.swift in Sources */ = {isa = PBXBuildFile; fileRef = 654250D42C2CA32800E74974 /* Bundle-Decodable.swift */; };
		65C4AE6F2C4F04720014FB1C /* StoreView.swift in Sources */ = {isa = PBXBuildFile; fileRef = 65A344AC2C45911700E52D8D /* StoreView.swift */; };
		65C4AE702C4F04720014FB1C /* MacFrame.swift in Sources */ = {isa = PBXBuildFile; fileRef = 656ACD902C4EFF4A0072D9B1 /* MacFrame.swift */; };
		65C4AE712C4F04720014FB1C /* ContentViewToolbar.swift in Sources */ = {isa = PBXBuildFile; fileRef = 659495DA2C33140100B31BDA /* ContentViewToolbar.swift */; };
		65C4AE722C4F04720014FB1C /* SidebarView.swift in Sources */ = {isa = PBXBuildFile; fileRef = 65DD7BBC2C179597002631FC /* SidebarView.swift */; };
		65C4AE732C4F04720014FB1C /* AppDelegate.swift in Sources */ = {isa = PBXBuildFile; fileRef = 65A344AE2C4C662C00E52D8D /* AppDelegate.swift */; };
		65C4AE742C4F04720014FB1C /* UltimatePortfolioApp.swift in Sources */ = {isa = PBXBuildFile; fileRef = 65EF68C32C17301000232A30 /* UltimatePortfolioApp.swift */; };
		65C4AE752C4F04720014FB1C /* UserFilterRow.swift in Sources */ = {isa = PBXBuildFile; fileRef = 659495E02C3316AE00B31BDA /* UserFilterRow.swift */; };
		65C4AE762C4F04720014FB1C /* Filter.swift in Sources */ = {isa = PBXBuildFile; fileRef = 65DD7BC02C1797FC002631FC /* Filter.swift */; };
		65C4AE772C4F04720014FB1C /* SidebarViewModel.swift in Sources */ = {isa = PBXBuildFile; fileRef = 65D21FAB2C3C367A00EEB836 /* SidebarViewModel.swift */; };
		65C4AE782C4F04720014FB1C /* DataController.swift in Sources */ = {isa = PBXBuildFile; fileRef = 65EF68D52C17491B00232A30 /* DataController.swift */; };
		65C4AE792C4F04720014FB1C /* IssueView.swift in Sources */ = {isa = PBXBuildFile; fileRef = 654250D02C2092B300E74974 /* IssueView.swift */; };
		65C4AE7A2C4F04720014FB1C /* DetailView.swift in Sources */ = {isa = PBXBuildFile; fileRef = 65DD7BBE2C17959F002631FC /* DetailView.swift */; };
		65C4AE7B2C4F04720014FB1C /* AwardsView.swift in Sources */ = {isa = PBXBuildFile; fileRef = 654250DC2C2CA89700E74974 /* AwardsView.swift */; };
		65C4AE7C2C4F04720014FB1C /* DataController-StoreKit.swift in Sources */ = {isa = PBXBuildFile; fileRef = 65A344A92C45841200E52D8D /* DataController-StoreKit.swift */; };
		65C4AE7D2C4F04720014FB1C /* DataController-Awards.swift in Sources */ = {isa = PBXBuildFile; fileRef = 65A344D32C4D137200E52D8D /* DataController-Awards.swift */; };
		65C4AE7E2C4F04720014FB1C /* SceneDelegate.swift in Sources */ = {isa = PBXBuildFile; fileRef = 65A344B02C4C663200E52D8D /* SceneDelegate.swift */; };
		65C4AE7F2C4F04720014FB1C /* ContentViewModel.swift in Sources */ = {isa = PBXBuildFile; fileRef = 65D21FAD2C3C3DCB00EEB836 /* ContentViewModel.swift */; };
		65C4AE802C4F04720014FB1C /* Issue-CoreDataHelpers.swift in Sources */ = {isa = PBXBuildFile; fileRef = 656099462C18CE47009A98C6 /* Issue-CoreDataHelpers.swift */; };
		65C4AE812C4F04800014FB1C /* Assets.xcassets in Resources */ = {isa = PBXBuildFile; fileRef = 65EF68C72C17301100232A30 /* Assets.xcassets */; };
		65C4AE822C4F04800014FB1C /* Colors.xcassets in Resources */ = {isa = PBXBuildFile; fileRef = 654250D72C2CA75700E74974 /* Colors.xcassets */; };
		65C4AE832C4F04860014FB1C /* Main.xcdatamodeld in Sources */ = {isa = PBXBuildFile; fileRef = 65EF68D22C173D5B00232A30 /* Main.xcdatamodeld */; };
		65C4AE842C4F04920014FB1C /* Localizable.strings in Resources */ = {isa = PBXBuildFile; fileRef = 659495CA2C3301FB00B31BDA /* Localizable.strings */; };
		65C4AE852C4F04950014FB1C /* Localizable.stringsdict in Resources */ = {isa = PBXBuildFile; fileRef = 659495CD2C33064A00B31BDA /* Localizable.stringsdict */; };
		65C4AE862C4F04980014FB1C /* Awards.json in Resources */ = {isa = PBXBuildFile; fileRef = 659495D32C330FBF00B31BDA /* Awards.json */; };
		65C4AE882C4F06F70014FB1C /* NumberBadge.swift in Sources */ = {isa = PBXBuildFile; fileRef = 65C4AE872C4F06F70014FB1C /* NumberBadge.swift */; };
		65C4AE892C4F07390014FB1C /* NumberBadge.swift in Sources */ = {isa = PBXBuildFile; fileRef = 65C4AE872C4F06F70014FB1C /* NumberBadge.swift */; };
		65D21FAC2C3C367A00EEB836 /* SidebarViewModel.swift in Sources */ = {isa = PBXBuildFile; fileRef = 65D21FAB2C3C367A00EEB836 /* SidebarViewModel.swift */; };
		65D21FAE2C3C3DCB00EEB836 /* ContentViewModel.swift in Sources */ = {isa = PBXBuildFile; fileRef = 65D21FAD2C3C3DCB00EEB836 /* ContentViewModel.swift */; };
		65D21FB02C3C3EB700EEB836 /* IssueRowViewModel.swift in Sources */ = {isa = PBXBuildFile; fileRef = 65D21FAF2C3C3EB700EEB836 /* IssueRowViewModel.swift */; };
		65DD7BBD2C179597002631FC /* SidebarView.swift in Sources */ = {isa = PBXBuildFile; fileRef = 65DD7BBC2C179597002631FC /* SidebarView.swift */; };
		65DD7BBF2C17959F002631FC /* DetailView.swift in Sources */ = {isa = PBXBuildFile; fileRef = 65DD7BBE2C17959F002631FC /* DetailView.swift */; };
		65DD7BC12C1797FC002631FC /* Filter.swift in Sources */ = {isa = PBXBuildFile; fileRef = 65DD7BC02C1797FC002631FC /* Filter.swift */; };
		65EF68C42C17301000232A30 /* UltimatePortfolioApp.swift in Sources */ = {isa = PBXBuildFile; fileRef = 65EF68C32C17301000232A30 /* UltimatePortfolioApp.swift */; };
		65EF68C62C17301000232A30 /* ContentView.swift in Sources */ = {isa = PBXBuildFile; fileRef = 65EF68C52C17301000232A30 /* ContentView.swift */; };
		65EF68C82C17301100232A30 /* Assets.xcassets in Resources */ = {isa = PBXBuildFile; fileRef = 65EF68C72C17301100232A30 /* Assets.xcassets */; };
		65EF68CC2C17301100232A30 /* Preview Assets.xcassets in Resources */ = {isa = PBXBuildFile; fileRef = 65EF68CB2C17301100232A30 /* Preview Assets.xcassets */; };
		65EF68D42C173D5B00232A30 /* Main.xcdatamodeld in Sources */ = {isa = PBXBuildFile; fileRef = 65EF68D22C173D5B00232A30 /* Main.xcdatamodeld */; };
		65EF68D62C17491B00232A30 /* DataController.swift in Sources */ = {isa = PBXBuildFile; fileRef = 65EF68D52C17491B00232A30 /* DataController.swift */; };
/* End PBXBuildFile section */

/* Begin PBXContainerItemProxy section */
		656ACD8E2C4EE49F0072D9B1 /* PBXContainerItemProxy */ = {
			isa = PBXContainerItemProxy;
			containerPortal = 65EF68B82C17301000232A30 /* Project object */;
			proxyType = 1;
			remoteGlobalIDString = 656ACD712C4EE3070072D9B1;
			remoteInfo = UltimatePortfolioWidgetMacExtension;
		};
		65A344C42C4D115F00E52D8D /* PBXContainerItemProxy */ = {
			isa = PBXContainerItemProxy;
			containerPortal = 65EF68B82C17301000232A30 /* Project object */;
			proxyType = 1;
			remoteGlobalIDString = 65A344B52C4D115D00E52D8D;
			remoteInfo = UltimatePortfolioWidgetExtension;
		};
		65B8F36A2C372EA600E28252 /* PBXContainerItemProxy */ = {
			isa = PBXContainerItemProxy;
			containerPortal = 65EF68B82C17301000232A30 /* Project object */;
			proxyType = 1;
			remoteGlobalIDString = 65EF68BF2C17301000232A30;
			remoteInfo = UltimatePortfolio;
		};
		65B8F38A2C3B06FA00E28252 /* PBXContainerItemProxy */ = {
			isa = PBXContainerItemProxy;
			containerPortal = 65EF68B82C17301000232A30 /* Project object */;
			proxyType = 1;
			remoteGlobalIDString = 65EF68BF2C17301000232A30;
			remoteInfo = UltimatePortfolio;
		};
		65C4AE5B2C4F03FE0014FB1C /* PBXContainerItemProxy */ = {
			isa = PBXContainerItemProxy;
			containerPortal = 65EF68B82C17301000232A30 /* Project object */;
			proxyType = 1;
			remoteGlobalIDString = 65C4AE4F2C4F03FA0014FB1C;
			remoteInfo = "UltimatePortfolioWatch Watch App";
		};
/* End PBXContainerItemProxy section */

/* Begin PBXCopyFilesBuildPhase section */
		65A344CA2C4D115F00E52D8D /* Embed Foundation Extensions */ = {
			isa = PBXCopyFilesBuildPhase;
			buildActionMask = 2147483647;
			dstPath = "";
			dstSubfolderSpec = 13;
			files = (
				656ACD8D2C4EE49F0072D9B1 /* UltimatePortfolioWidgetMacExtension.appex in Embed Foundation Extensions */,
				65A344C62C4D115F00E52D8D /* UltimatePortfolioWidgetExtension.appex in Embed Foundation Extensions */,
			);
			name = "Embed Foundation Extensions";
			runOnlyForDeploymentPostprocessing = 0;
		};
		65C4AE5E2C4F03FE0014FB1C /* Embed Watch Content */ = {
			isa = PBXCopyFilesBuildPhase;
			buildActionMask = 2147483647;
			dstPath = "$(CONTENTS_FOLDER_PATH)/Watch";
			dstSubfolderSpec = 16;
			files = (
				65C4AE5D2C4F03FE0014FB1C /* UltimatePortfolioWatch Watch App.app in Embed Watch Content */,
			);
			name = "Embed Watch Content";
			runOnlyForDeploymentPostprocessing = 0;
		};
/* End PBXCopyFilesBuildPhase section */

/* Begin PBXFileReference section */
		654250D02C2092B300E74974 /* IssueView.swift */ = {isa = PBXFileReference; lastKnownFileType = sourcecode.swift; path = IssueView.swift; sourceTree = "<group>"; };
		654250D22C2092B900E74974 /* NoIssueView.swift */ = {isa = PBXFileReference; lastKnownFileType = sourcecode.swift; path = NoIssueView.swift; sourceTree = "<group>"; };
		654250D42C2CA32800E74974 /* Bundle-Decodable.swift */ = {isa = PBXFileReference; lastKnownFileType = sourcecode.swift; path = "Bundle-Decodable.swift"; sourceTree = "<group>"; };
		654250D72C2CA75700E74974 /* Colors.xcassets */ = {isa = PBXFileReference; lastKnownFileType = folder.assetcatalog; path = Colors.xcassets; sourceTree = "<group>"; };
		654250DA2C2CA7EC00E74974 /* Award.swift */ = {isa = PBXFileReference; lastKnownFileType = sourcecode.swift; path = Award.swift; sourceTree = "<group>"; };
		654250DC2C2CA89700E74974 /* AwardsView.swift */ = {isa = PBXFileReference; lastKnownFileType = sourcecode.swift; path = AwardsView.swift; sourceTree = "<group>"; };
		656099462C18CE47009A98C6 /* Issue-CoreDataHelpers.swift */ = {isa = PBXFileReference; lastKnownFileType = sourcecode.swift; path = "Issue-CoreDataHelpers.swift"; sourceTree = "<group>"; };
		656099482C1B8B77009A98C6 /* Tag-CoreDataHelpers.swift */ = {isa = PBXFileReference; lastKnownFileType = sourcecode.swift; path = "Tag-CoreDataHelpers.swift"; sourceTree = "<group>"; };
		6560994A2C1B94A4009A98C6 /* IssueRow.swift */ = {isa = PBXFileReference; lastKnownFileType = sourcecode.swift; path = IssueRow.swift; sourceTree = "<group>"; };
		656ACD6C2C4EDD6A0072D9B1 /* InlineNavigationBar.swift */ = {isa = PBXFileReference; lastKnownFileType = sourcecode.swift; path = InlineNavigationBar.swift; sourceTree = "<group>"; };
		656ACD722C4EE3070072D9B1 /* UltimatePortfolioWidgetMacExtension.appex */ = {isa = PBXFileReference; explicitFileType = "wrapper.app-extension"; includeInIndex = 0; path = UltimatePortfolioWidgetMacExtension.appex; sourceTree = BUILT_PRODUCTS_DIR; };
		656ACD7A2C4EE3080072D9B1 /* Assets.xcassets */ = {isa = PBXFileReference; lastKnownFileType = folder.assetcatalog; path = Assets.xcassets; sourceTree = "<group>"; };
		656ACD7C2C4EE3080072D9B1 /* Info.plist */ = {isa = PBXFileReference; lastKnownFileType = text.plist.xml; path = Info.plist; sourceTree = "<group>"; };
		656ACD7D2C4EE3080072D9B1 /* UltimatePortfolioWidgetMac.entitlements */ = {isa = PBXFileReference; lastKnownFileType = text.plist.entitlements; path = UltimatePortfolioWidgetMac.entitlements; sourceTree = "<group>"; };
		656ACD902C4EFF4A0072D9B1 /* MacFrame.swift */ = {isa = PBXFileReference; lastKnownFileType = sourcecode.swift; path = MacFrame.swift; sourceTree = "<group>"; };
		656ACD922C4F02100072D9B1 /* Credits.rtf */ = {isa = PBXFileReference; lastKnownFileType = text.rtf; path = Credits.rtf; sourceTree = "<group>"; };
		659495CB2C3301FB00B31BDA /* en */ = {isa = PBXFileReference; lastKnownFileType = text.plist.strings; name = en; path = en.lproj/Localizable.strings; sourceTree = "<group>"; };
		659495CE2C33064A00B31BDA /* en */ = {isa = PBXFileReference; lastKnownFileType = text.plist.stringsdict; name = en; path = en.lproj/Localizable.stringsdict; sourceTree = "<group>"; };
		659495D02C330C2E00B31BDA /* hu */ = {isa = PBXFileReference; lastKnownFileType = text.plist.strings; name = hu; path = hu.lproj/Localizable.strings; sourceTree = "<group>"; };
		659495D12C330C2E00B31BDA /* hu */ = {isa = PBXFileReference; lastKnownFileType = text.plist.stringsdict; name = hu; path = hu.lproj/Localizable.stringsdict; sourceTree = "<group>"; };
		659495D22C330FBF00B31BDA /* en */ = {isa = PBXFileReference; lastKnownFileType = text.json; name = en; path = en.lproj/Awards.json; sourceTree = "<group>"; };
		659495D52C330FF100B31BDA /* hu */ = {isa = PBXFileReference; lastKnownFileType = text.json; name = hu; path = hu.lproj/Awards.json; sourceTree = "<group>"; };
		659495D62C33120F00B31BDA /* SidebarViewToolbar.swift */ = {isa = PBXFileReference; lastKnownFileType = sourcecode.swift; path = SidebarViewToolbar.swift; sourceTree = "<group>"; };
		659495D82C33137A00B31BDA /* IssueViewToolbar.swift */ = {isa = PBXFileReference; lastKnownFileType = sourcecode.swift; path = IssueViewToolbar.swift; sourceTree = "<group>"; };
		659495DA2C33140100B31BDA /* ContentViewToolbar.swift */ = {isa = PBXFileReference; lastKnownFileType = sourcecode.swift; path = ContentViewToolbar.swift; sourceTree = "<group>"; };
		659495DC2C33156700B31BDA /* TagsMenuView.swift */ = {isa = PBXFileReference; lastKnownFileType = sourcecode.swift; path = TagsMenuView.swift; sourceTree = "<group>"; };
		659495DE2C33164C00B31BDA /* SmartFilterRow.swift */ = {isa = PBXFileReference; lastKnownFileType = sourcecode.swift; path = SmartFilterRow.swift; sourceTree = "<group>"; };
		659495E02C3316AE00B31BDA /* UserFilterRow.swift */ = {isa = PBXFileReference; lastKnownFileType = sourcecode.swift; path = UserFilterRow.swift; sourceTree = "<group>"; };
		65A344A62C43B68900E52D8D /* DataController-Notifications.swift */ = {isa = PBXFileReference; lastKnownFileType = sourcecode.swift; path = "DataController-Notifications.swift"; sourceTree = "<group>"; };
		65A344A82C45826B00E52D8D /* StoreConfiguration.storekit */ = {isa = PBXFileReference; lastKnownFileType = text; path = StoreConfiguration.storekit; sourceTree = "<group>"; };
		65A344A92C45841200E52D8D /* DataController-StoreKit.swift */ = {isa = PBXFileReference; lastKnownFileType = sourcecode.swift; path = "DataController-StoreKit.swift"; sourceTree = "<group>"; };
		65A344AC2C45911700E52D8D /* StoreView.swift */ = {isa = PBXFileReference; lastKnownFileType = sourcecode.swift; path = StoreView.swift; sourceTree = "<group>"; };
		65A344AE2C4C662C00E52D8D /* AppDelegate.swift */ = {isa = PBXFileReference; lastKnownFileType = sourcecode.swift; path = AppDelegate.swift; sourceTree = "<group>"; };
		65A344B02C4C663200E52D8D /* SceneDelegate.swift */ = {isa = PBXFileReference; lastKnownFileType = sourcecode.swift; path = SceneDelegate.swift; sourceTree = "<group>"; };
		65A344B62C4D115D00E52D8D /* UltimatePortfolioWidgetExtension.appex */ = {isa = PBXFileReference; explicitFileType = "wrapper.app-extension"; includeInIndex = 0; path = UltimatePortfolioWidgetExtension.appex; sourceTree = BUILT_PRODUCTS_DIR; };
		65A344B82C4D115D00E52D8D /* WidgetKit.framework */ = {isa = PBXFileReference; lastKnownFileType = wrapper.framework; name = WidgetKit.framework; path = System/Library/Frameworks/WidgetKit.framework; sourceTree = SDKROOT; };
		65A344BA2C4D115D00E52D8D /* SwiftUI.framework */ = {isa = PBXFileReference; lastKnownFileType = wrapper.framework; name = SwiftUI.framework; path = System/Library/Frameworks/SwiftUI.framework; sourceTree = SDKROOT; };
		65A344BD2C4D115D00E52D8D /* UltimatePortfolioWidgetBundle.swift */ = {isa = PBXFileReference; lastKnownFileType = sourcecode.swift; path = UltimatePortfolioWidgetBundle.swift; sourceTree = "<group>"; };
		65A344BF2C4D115D00E52D8D /* SimplePortfolioWidget.swift */ = {isa = PBXFileReference; lastKnownFileType = sourcecode.swift; path = SimplePortfolioWidget.swift; sourceTree = "<group>"; };
		65A344C12C4D115F00E52D8D /* Assets.xcassets */ = {isa = PBXFileReference; lastKnownFileType = folder.assetcatalog; path = Assets.xcassets; sourceTree = "<group>"; };
		65A344C32C4D115F00E52D8D /* Info.plist */ = {isa = PBXFileReference; lastKnownFileType = text.plist.xml; path = Info.plist; sourceTree = "<group>"; };
		65A344D32C4D137200E52D8D /* DataController-Awards.swift */ = {isa = PBXFileReference; lastKnownFileType = sourcecode.swift; path = "DataController-Awards.swift"; sourceTree = "<group>"; };
		65A85B612C4D1535009E2B7A /* UltimatePortfolioWidgetExtension.entitlements */ = {isa = PBXFileReference; lastKnownFileType = text.plist.entitlements; path = UltimatePortfolioWidgetExtension.entitlements; sourceTree = "<group>"; };
		65A85B632C4D642D009E2B7A /* ComplexPortfolioWidget.swift */ = {isa = PBXFileReference; lastKnownFileType = sourcecode.swift; path = ComplexPortfolioWidget.swift; sourceTree = "<group>"; };
		65B8F3662C372EA600E28252 /* UltimatePortfolioTests.xctest */ = {isa = PBXFileReference; explicitFileType = wrapper.cfbundle; includeInIndex = 0; path = UltimatePortfolioTests.xctest; sourceTree = BUILT_PRODUCTS_DIR; };
		65B8F3682C372EA600E28252 /* UltimatePortfolioTests.swift */ = {isa = PBXFileReference; lastKnownFileType = sourcecode.swift; path = UltimatePortfolioTests.swift; sourceTree = "<group>"; };
		65B8F36F2C38447100E28252 /* AssetTests.swift */ = {isa = PBXFileReference; lastKnownFileType = sourcecode.swift; path = AssetTests.swift; sourceTree = "<group>"; };
		65B8F3712C38758700E28252 /* TagTests.swift */ = {isa = PBXFileReference; lastKnownFileType = sourcecode.swift; path = TagTests.swift; sourceTree = "<group>"; };
		65B8F3732C39CD4300E28252 /* AwardTests.swift */ = {isa = PBXFileReference; lastKnownFileType = sourcecode.swift; path = AwardTests.swift; sourceTree = "<group>"; };
		65B8F3752C39DB2000E28252 /* DevelopmentTests.swift */ = {isa = PBXFileReference; lastKnownFileType = sourcecode.swift; path = DevelopmentTests.swift; sourceTree = "<group>"; };
		65B8F3772C3ACBD300E28252 /* ExtensionTests.swift */ = {isa = PBXFileReference; lastKnownFileType = sourcecode.swift; path = ExtensionTests.swift; sourceTree = "<group>"; };
		65B8F37A2C3AFEE700E28252 /* DecodableDictionary.json */ = {isa = PBXFileReference; lastKnownFileType = text.json; path = DecodableDictionary.json; sourceTree = "<group>"; };
		65B8F37C2C3AFF1800E28252 /* DecodableString.json */ = {isa = PBXFileReference; lastKnownFileType = text.json; path = DecodableString.json; sourceTree = "<group>"; };
		65B8F37E2C3B01F400E28252 /* PerformanceTests.swift */ = {isa = PBXFileReference; lastKnownFileType = sourcecode.swift; path = PerformanceTests.swift; sourceTree = "<group>"; };
		65B8F3842C3B06FA00E28252 /* UltimatePortfolioUITests.xctest */ = {isa = PBXFileReference; explicitFileType = wrapper.cfbundle; includeInIndex = 0; path = UltimatePortfolioUITests.xctest; sourceTree = BUILT_PRODUCTS_DIR; };
		65B8F3862C3B06FA00E28252 /* UltimatePortfolioUITests.swift */ = {isa = PBXFileReference; lastKnownFileType = sourcecode.swift; path = UltimatePortfolioUITests.swift; sourceTree = "<group>"; };
		65B8F3882C3B06FA00E28252 /* UltimatePortfolioUITestsLaunchTests.swift */ = {isa = PBXFileReference; lastKnownFileType = sourcecode.swift; path = UltimatePortfolioUITestsLaunchTests.swift; sourceTree = "<group>"; };
		65C4AE502C4F03FA0014FB1C /* UltimatePortfolioWatch Watch App.app */ = {isa = PBXFileReference; explicitFileType = wrapper.application; includeInIndex = 0; path = "UltimatePortfolioWatch Watch App.app"; sourceTree = BUILT_PRODUCTS_DIR; };
		65C4AE562C4F03FE0014FB1C /* Assets.xcassets */ = {isa = PBXFileReference; lastKnownFileType = folder.assetcatalog; path = Assets.xcassets; sourceTree = "<group>"; };
		65C4AE592C4F03FE0014FB1C /* Preview Assets.xcassets */ = {isa = PBXFileReference; lastKnownFileType = folder.assetcatalog; path = "Preview Assets.xcassets"; sourceTree = "<group>"; };
		65C4AE872C4F06F70014FB1C /* NumberBadge.swift */ = {isa = PBXFileReference; lastKnownFileType = sourcecode.swift; path = NumberBadge.swift; sourceTree = "<group>"; };
		65C4AE8A2C4F08DA0014FB1C /* UltimatePortfolioWatch Watch App.entitlements */ = {isa = PBXFileReference; lastKnownFileType = text.plist.entitlements; path = "UltimatePortfolioWatch Watch App.entitlements"; sourceTree = "<group>"; };
		65D21FAB2C3C367A00EEB836 /* SidebarViewModel.swift */ = {isa = PBXFileReference; lastKnownFileType = sourcecode.swift; path = SidebarViewModel.swift; sourceTree = "<group>"; };
		65D21FAD2C3C3DCB00EEB836 /* ContentViewModel.swift */ = {isa = PBXFileReference; lastKnownFileType = sourcecode.swift; path = ContentViewModel.swift; sourceTree = "<group>"; };
		65D21FAF2C3C3EB700EEB836 /* IssueRowViewModel.swift */ = {isa = PBXFileReference; lastKnownFileType = sourcecode.swift; path = IssueRowViewModel.swift; sourceTree = "<group>"; };
		65DD7BBC2C179597002631FC /* SidebarView.swift */ = {isa = PBXFileReference; lastKnownFileType = sourcecode.swift; path = SidebarView.swift; sourceTree = "<group>"; };
		65DD7BBE2C17959F002631FC /* DetailView.swift */ = {isa = PBXFileReference; lastKnownFileType = sourcecode.swift; path = DetailView.swift; sourceTree = "<group>"; };
		65DD7BC02C1797FC002631FC /* Filter.swift */ = {isa = PBXFileReference; lastKnownFileType = sourcecode.swift; path = Filter.swift; sourceTree = "<group>"; };
		65EF68C02C17301000232A30 /* UltimatePortfolio.app */ = {isa = PBXFileReference; explicitFileType = wrapper.application; includeInIndex = 0; path = UltimatePortfolio.app; sourceTree = BUILT_PRODUCTS_DIR; };
		65EF68C32C17301000232A30 /* UltimatePortfolioApp.swift */ = {isa = PBXFileReference; lastKnownFileType = sourcecode.swift; path = UltimatePortfolioApp.swift; sourceTree = "<group>"; };
		65EF68C52C17301000232A30 /* ContentView.swift */ = {isa = PBXFileReference; lastKnownFileType = sourcecode.swift; path = ContentView.swift; sourceTree = "<group>"; };
		65EF68C72C17301100232A30 /* Assets.xcassets */ = {isa = PBXFileReference; lastKnownFileType = folder.assetcatalog; path = Assets.xcassets; sourceTree = "<group>"; };
		65EF68C92C17301100232A30 /* UltimatePortfolio.entitlements */ = {isa = PBXFileReference; lastKnownFileType = text.plist.entitlements; path = UltimatePortfolio.entitlements; sourceTree = "<group>"; };
		65EF68CB2C17301100232A30 /* Preview Assets.xcassets */ = {isa = PBXFileReference; lastKnownFileType = folder.assetcatalog; path = "Preview Assets.xcassets"; sourceTree = "<group>"; };
		65EF68D32C173D5B00232A30 /* Main.xcdatamodel */ = {isa = PBXFileReference; lastKnownFileType = wrapper.xcdatamodel; path = Main.xcdatamodel; sourceTree = "<group>"; };
		65EF68D52C17491B00232A30 /* DataController.swift */ = {isa = PBXFileReference; lastKnownFileType = sourcecode.swift; path = DataController.swift; sourceTree = "<group>"; };
		65EF68D72C17527800232A30 /* Info.plist */ = {isa = PBXFileReference; lastKnownFileType = text.plist.xml; path = Info.plist; sourceTree = "<group>"; };
/* End PBXFileReference section */

/* Begin PBXFrameworksBuildPhase section */
		656ACD6F2C4EE3070072D9B1 /* Frameworks */ = {
			isa = PBXFrameworksBuildPhase;
			buildActionMask = 2147483647;
			files = (
				656ACD742C4EE3070072D9B1 /* SwiftUI.framework in Frameworks */,
				656ACD732C4EE3070072D9B1 /* WidgetKit.framework in Frameworks */,
			);
			runOnlyForDeploymentPostprocessing = 0;
		};
		65A344B32C4D115D00E52D8D /* Frameworks */ = {
			isa = PBXFrameworksBuildPhase;
			buildActionMask = 2147483647;
			files = (
				65A344BB2C4D115D00E52D8D /* SwiftUI.framework in Frameworks */,
				65A344B92C4D115D00E52D8D /* WidgetKit.framework in Frameworks */,
			);
			runOnlyForDeploymentPostprocessing = 0;
		};
		65B8F3632C372EA600E28252 /* Frameworks */ = {
			isa = PBXFrameworksBuildPhase;
			buildActionMask = 2147483647;
			files = (
			);
			runOnlyForDeploymentPostprocessing = 0;
		};
		65B8F3812C3B06FA00E28252 /* Frameworks */ = {
			isa = PBXFrameworksBuildPhase;
			buildActionMask = 2147483647;
			files = (
			);
			runOnlyForDeploymentPostprocessing = 0;
		};
		65C4AE4D2C4F03FA0014FB1C /* Frameworks */ = {
			isa = PBXFrameworksBuildPhase;
			buildActionMask = 2147483647;
			files = (
			);
			runOnlyForDeploymentPostprocessing = 0;
		};
		65EF68BD2C17301000232A30 /* Frameworks */ = {
			isa = PBXFrameworksBuildPhase;
			buildActionMask = 2147483647;
			files = (
			);
			runOnlyForDeploymentPostprocessing = 0;
		};
/* End PBXFrameworksBuildPhase section */

/* Begin PBXGroup section */
		656ACD6B2C4EDD550072D9B1 /* PlatformAdjustments */ = {
			isa = PBXGroup;
			children = (
				656ACD6C2C4EDD6A0072D9B1 /* InlineNavigationBar.swift */,
				656ACD902C4EFF4A0072D9B1 /* MacFrame.swift */,
				65C4AE872C4F06F70014FB1C /* NumberBadge.swift */,
			);
			path = PlatformAdjustments;
			sourceTree = "<group>";
		};
		656ACD752C4EE3070072D9B1 /* UltimatePortfolioWidgetMac */ = {
			isa = PBXGroup;
			children = (
				656ACD7A2C4EE3080072D9B1 /* Assets.xcassets */,
				656ACD7C2C4EE3080072D9B1 /* Info.plist */,
				656ACD7D2C4EE3080072D9B1 /* UltimatePortfolioWidgetMac.entitlements */,
			);
			path = UltimatePortfolioWidgetMac;
			sourceTree = "<group>";
		};
		65A344AB2C45910700E52D8D /* Store */ = {
			isa = PBXGroup;
			children = (
				65A344AC2C45911700E52D8D /* StoreView.swift */,
			);
			path = Store;
			sourceTree = "<group>";
		};
		65A344B72C4D115D00E52D8D /* Frameworks */ = {
			isa = PBXGroup;
			children = (
				65A344B82C4D115D00E52D8D /* WidgetKit.framework */,
				65A344BA2C4D115D00E52D8D /* SwiftUI.framework */,
			);
			name = Frameworks;
			sourceTree = "<group>";
		};
		65A344BC2C4D115D00E52D8D /* UltimatePortfolioWidget */ = {
			isa = PBXGroup;
			children = (
				65A344BD2C4D115D00E52D8D /* UltimatePortfolioWidgetBundle.swift */,
				65A344BF2C4D115D00E52D8D /* SimplePortfolioWidget.swift */,
				65A85B632C4D642D009E2B7A /* ComplexPortfolioWidget.swift */,
				65A344C12C4D115F00E52D8D /* Assets.xcassets */,
				65A344C32C4D115F00E52D8D /* Info.plist */,
			);
			path = UltimatePortfolioWidget;
			sourceTree = "<group>";
		};
		65B8F35A2C349CDA00E28252 /* Filters */ = {
			isa = PBXGroup;
			children = (
				65DD7BC02C1797FC002631FC /* Filter.swift */,
				65DD7BBC2C179597002631FC /* SidebarView.swift */,
				65D21FAB2C3C367A00EEB836 /* SidebarViewModel.swift */,
				659495D62C33120F00B31BDA /* SidebarViewToolbar.swift */,
				659495DE2C33164C00B31BDA /* SmartFilterRow.swift */,
				659495E02C3316AE00B31BDA /* UserFilterRow.swift */,
			);
			path = Filters;
			sourceTree = "<group>";
		};
		65B8F35B2C349CE200E28252 /* Issues */ = {
			isa = PBXGroup;
			children = (
				65EF68C52C17301000232A30 /* ContentView.swift */,
				65D21FAD2C3C3DCB00EEB836 /* ContentViewModel.swift */,
				659495DA2C33140100B31BDA /* ContentViewToolbar.swift */,
				6560994A2C1B94A4009A98C6 /* IssueRow.swift */,
				65D21FAF2C3C3EB700EEB836 /* IssueRowViewModel.swift */,
			);
			path = Issues;
			sourceTree = "<group>";
		};
		65B8F35C2C349CE700E28252 /* Editing */ = {
			isa = PBXGroup;
			children = (
				65DD7BBE2C17959F002631FC /* DetailView.swift */,
				654250D02C2092B300E74974 /* IssueView.swift */,
				659495D82C33137A00B31BDA /* IssueViewToolbar.swift */,
				654250D22C2092B900E74974 /* NoIssueView.swift */,
				659495DC2C33156700B31BDA /* TagsMenuView.swift */,
			);
			path = Editing;
			sourceTree = "<group>";
		};
		65B8F35D2C349CEE00E28252 /* Awards */ = {
			isa = PBXGroup;
			children = (
				654250DC2C2CA89700E74974 /* AwardsView.swift */,
				654250DA2C2CA7EC00E74974 /* Award.swift */,
				659495D32C330FBF00B31BDA /* Awards.json */,
			);
			path = Awards;
			sourceTree = "<group>";
		};
		65B8F35E2C349DA800E28252 /* Extensions */ = {
			isa = PBXGroup;
			children = (
				654250D42C2CA32800E74974 /* Bundle-Decodable.swift */,
				656099462C18CE47009A98C6 /* Issue-CoreDataHelpers.swift */,
				656099482C1B8B77009A98C6 /* Tag-CoreDataHelpers.swift */,
			);
			path = Extensions;
			sourceTree = "<group>";
		};
		65B8F3602C349DDA00E28252 /* Localization */ = {
			isa = PBXGroup;
			children = (
				659495CA2C3301FB00B31BDA /* Localizable.strings */,
				659495CD2C33064A00B31BDA /* Localizable.stringsdict */,
			);
			path = Localization;
			sourceTree = "<group>";
		};
		65B8F3612C349DE900E28252 /* Configuration */ = {
			isa = PBXGroup;
			children = (
				65EF68D72C17527800232A30 /* Info.plist */,
				65EF68D22C173D5B00232A30 /* Main.xcdatamodeld */,
				65EF68C92C17301100232A30 /* UltimatePortfolio.entitlements */,
				65A344A82C45826B00E52D8D /* StoreConfiguration.storekit */,
			);
			path = Configuration;
			sourceTree = "<group>";
		};
		65B8F3672C372EA600E28252 /* UltimatePortfolioTests */ = {
			isa = PBXGroup;
			children = (
				65B8F3792C3AFEC700E28252 /* Fixtures */,
				65B8F3682C372EA600E28252 /* UltimatePortfolioTests.swift */,
				65B8F36F2C38447100E28252 /* AssetTests.swift */,
				65B8F3772C3ACBD300E28252 /* ExtensionTests.swift */,
				65B8F3732C39CD4300E28252 /* AwardTests.swift */,
				65B8F3752C39DB2000E28252 /* DevelopmentTests.swift */,
				65B8F3712C38758700E28252 /* TagTests.swift */,
				65B8F37E2C3B01F400E28252 /* PerformanceTests.swift */,
			);
			path = UltimatePortfolioTests;
			sourceTree = "<group>";
		};
		65B8F3792C3AFEC700E28252 /* Fixtures */ = {
			isa = PBXGroup;
			children = (
				65B8F37A2C3AFEE700E28252 /* DecodableDictionary.json */,
				65B8F37C2C3AFF1800E28252 /* DecodableString.json */,
			);
			path = Fixtures;
			sourceTree = "<group>";
		};
		65B8F3852C3B06FA00E28252 /* UltimatePortfolioUITests */ = {
			isa = PBXGroup;
			children = (
				65B8F3862C3B06FA00E28252 /* UltimatePortfolioUITests.swift */,
				65B8F3882C3B06FA00E28252 /* UltimatePortfolioUITestsLaunchTests.swift */,
			);
			path = UltimatePortfolioUITests;
			sourceTree = "<group>";
		};
		65C4AE512C4F03FA0014FB1C /* UltimatePortfolioWatch Watch App */ = {
			isa = PBXGroup;
			children = (
				65C4AE8A2C4F08DA0014FB1C /* UltimatePortfolioWatch Watch App.entitlements */,
				65C4AE562C4F03FE0014FB1C /* Assets.xcassets */,
				65C4AE582C4F03FE0014FB1C /* Preview Content */,
			);
			path = "UltimatePortfolioWatch Watch App";
			sourceTree = "<group>";
		};
		65C4AE582C4F03FE0014FB1C /* Preview Content */ = {
			isa = PBXGroup;
			children = (
				65C4AE592C4F03FE0014FB1C /* Preview Assets.xcassets */,
			);
			path = "Preview Content";
			sourceTree = "<group>";
		};
		65EF68B72C17301000232A30 = {
			isa = PBXGroup;
			children = (
				65A85B612C4D1535009E2B7A /* UltimatePortfolioWidgetExtension.entitlements */,
				65EF68C22C17301000232A30 /* UltimatePortfolio */,
				65B8F3672C372EA600E28252 /* UltimatePortfolioTests */,
				65B8F3852C3B06FA00E28252 /* UltimatePortfolioUITests */,
				65A344BC2C4D115D00E52D8D /* UltimatePortfolioWidget */,
				656ACD752C4EE3070072D9B1 /* UltimatePortfolioWidgetMac */,
				65C4AE512C4F03FA0014FB1C /* UltimatePortfolioWatch Watch App */,
				65A344B72C4D115D00E52D8D /* Frameworks */,
				65EF68C12C17301000232A30 /* Products */,
			);
			sourceTree = "<group>";
		};
		65EF68C12C17301000232A30 /* Products */ = {
			isa = PBXGroup;
			children = (
				65EF68C02C17301000232A30 /* UltimatePortfolio.app */,
				65B8F3662C372EA600E28252 /* UltimatePortfolioTests.xctest */,
				65B8F3842C3B06FA00E28252 /* UltimatePortfolioUITests.xctest */,
				65A344B62C4D115D00E52D8D /* UltimatePortfolioWidgetExtension.appex */,
				656ACD722C4EE3070072D9B1 /* UltimatePortfolioWidgetMacExtension.appex */,
				65C4AE502C4F03FA0014FB1C /* UltimatePortfolioWatch Watch App.app */,
			);
			name = Products;
			sourceTree = "<group>";
		};
		65EF68C22C17301000232A30 /* UltimatePortfolio */ = {
			isa = PBXGroup;
			children = (
				656ACD6B2C4EDD550072D9B1 /* PlatformAdjustments */,
				65A344AB2C45910700E52D8D /* Store */,
				65B8F35A2C349CDA00E28252 /* Filters */,
				65B8F35B2C349CE200E28252 /* Issues */,
				65B8F35C2C349CE700E28252 /* Editing */,
				65B8F35D2C349CEE00E28252 /* Awards */,
				65B8F35E2C349DA800E28252 /* Extensions */,
				65B8F3602C349DDA00E28252 /* Localization */,
				65B8F3612C349DE900E28252 /* Configuration */,
				65EF68C32C17301000232A30 /* UltimatePortfolioApp.swift */,
				65A344AE2C4C662C00E52D8D /* AppDelegate.swift */,
				65A344B02C4C663200E52D8D /* SceneDelegate.swift */,
				65EF68D52C17491B00232A30 /* DataController.swift */,
				65A344D32C4D137200E52D8D /* DataController-Awards.swift */,
				65A344A62C43B68900E52D8D /* DataController-Notifications.swift */,
				65A344A92C45841200E52D8D /* DataController-StoreKit.swift */,
				656ACD922C4F02100072D9B1 /* Credits.rtf */,
				654250D72C2CA75700E74974 /* Colors.xcassets */,
				65EF68C72C17301100232A30 /* Assets.xcassets */,
				65EF68CA2C17301100232A30 /* Preview Content */,
			);
			path = UltimatePortfolio;
			sourceTree = "<group>";
		};
		65EF68CA2C17301100232A30 /* Preview Content */ = {
			isa = PBXGroup;
			children = (
				65EF68CB2C17301100232A30 /* Preview Assets.xcassets */,
			);
			path = "Preview Content";
			sourceTree = "<group>";
		};
/* End PBXGroup section */

/* Begin PBXNativeTarget section */
		656ACD712C4EE3070072D9B1 /* UltimatePortfolioWidgetMacExtension */ = {
			isa = PBXNativeTarget;
			buildConfigurationList = 656ACD812C4EE3080072D9B1 /* Build configuration list for PBXNativeTarget "UltimatePortfolioWidgetMacExtension" */;
			buildPhases = (
				656ACD6E2C4EE3070072D9B1 /* Sources */,
				656ACD6F2C4EE3070072D9B1 /* Frameworks */,
				656ACD702C4EE3070072D9B1 /* Resources */,
			);
			buildRules = (
			);
			dependencies = (
			);
			name = UltimatePortfolioWidgetMacExtension;
			productName = UltimatePortfolioWidgetMacExtension;
			productReference = 656ACD722C4EE3070072D9B1 /* UltimatePortfolioWidgetMacExtension.appex */;
			productType = "com.apple.product-type.app-extension";
		};
		65A344B52C4D115D00E52D8D /* UltimatePortfolioWidgetExtension */ = {
			isa = PBXNativeTarget;
			buildConfigurationList = 65A344C72C4D115F00E52D8D /* Build configuration list for PBXNativeTarget "UltimatePortfolioWidgetExtension" */;
			buildPhases = (
				65A344B22C4D115D00E52D8D /* Sources */,
				65A344B32C4D115D00E52D8D /* Frameworks */,
				65A344B42C4D115D00E52D8D /* Resources */,
			);
			buildRules = (
			);
			dependencies = (
			);
			name = UltimatePortfolioWidgetExtension;
			productName = UltimatePortfolioWidgetExtension;
			productReference = 65A344B62C4D115D00E52D8D /* UltimatePortfolioWidgetExtension.appex */;
			productType = "com.apple.product-type.app-extension";
		};
		65B8F3652C372EA600E28252 /* UltimatePortfolioTests */ = {
			isa = PBXNativeTarget;
			buildConfigurationList = 65B8F36C2C372EA600E28252 /* Build configuration list for PBXNativeTarget "UltimatePortfolioTests" */;
			buildPhases = (
				65B8F3622C372EA600E28252 /* Sources */,
				65B8F3632C372EA600E28252 /* Frameworks */,
				65B8F3642C372EA600E28252 /* Resources */,
			);
			buildRules = (
			);
			dependencies = (
				65B8F36B2C372EA600E28252 /* PBXTargetDependency */,
			);
			name = UltimatePortfolioTests;
			productName = UltimatePortfolioTests;
			productReference = 65B8F3662C372EA600E28252 /* UltimatePortfolioTests.xctest */;
			productType = "com.apple.product-type.bundle.unit-test";
		};
		65B8F3832C3B06FA00E28252 /* UltimatePortfolioUITests */ = {
			isa = PBXNativeTarget;
			buildConfigurationList = 65B8F38C2C3B06FA00E28252 /* Build configuration list for PBXNativeTarget "UltimatePortfolioUITests" */;
			buildPhases = (
				65B8F3802C3B06FA00E28252 /* Sources */,
				65B8F3812C3B06FA00E28252 /* Frameworks */,
				65B8F3822C3B06FA00E28252 /* Resources */,
			);
			buildRules = (
			);
			dependencies = (
				65B8F38B2C3B06FA00E28252 /* PBXTargetDependency */,
			);
			name = UltimatePortfolioUITests;
			productName = UltimatePortfolioUITests;
			productReference = 65B8F3842C3B06FA00E28252 /* UltimatePortfolioUITests.xctest */;
			productType = "com.apple.product-type.bundle.ui-testing";
		};
		65C4AE4F2C4F03FA0014FB1C /* UltimatePortfolioWatch Watch App */ = {
			isa = PBXNativeTarget;
			buildConfigurationList = 65C4AE612C4F03FE0014FB1C /* Build configuration list for PBXNativeTarget "UltimatePortfolioWatch Watch App" */;
			buildPhases = (
				65C4AE4C2C4F03FA0014FB1C /* Sources */,
				65C4AE4D2C4F03FA0014FB1C /* Frameworks */,
				65C4AE4E2C4F03FA0014FB1C /* Resources */,
			);
			buildRules = (
			);
			dependencies = (
			);
			name = "UltimatePortfolioWatch Watch App";
			productName = "UltimatePortfolioWatch Watch App";
			productReference = 65C4AE502C4F03FA0014FB1C /* UltimatePortfolioWatch Watch App.app */;
			productType = "com.apple.product-type.application";
		};
		65EF68BF2C17301000232A30 /* UltimatePortfolio */ = {
			isa = PBXNativeTarget;
			buildConfigurationList = 65EF68CF2C17301100232A30 /* Build configuration list for PBXNativeTarget "UltimatePortfolio" */;
			buildPhases = (
				65EF68BC2C17301000232A30 /* Sources */,
				65EF68BD2C17301000232A30 /* Frameworks */,
				65EF68BE2C17301000232A30 /* Resources */,
				659495E22C334FCD00B31BDA /* SwiftLint */,
				65A344CA2C4D115F00E52D8D /* Embed Foundation Extensions */,
				65C4AE5E2C4F03FE0014FB1C /* Embed Watch Content */,
			);
			buildRules = (
			);
			dependencies = (
				65A344C52C4D115F00E52D8D /* PBXTargetDependency */,
				656ACD8F2C4EE49F0072D9B1 /* PBXTargetDependency */,
				65C4AE5C2C4F03FE0014FB1C /* PBXTargetDependency */,
			);
			name = UltimatePortfolio;
			productName = UltimatePortfolio;
			productReference = 65EF68C02C17301000232A30 /* UltimatePortfolio.app */;
			productType = "com.apple.product-type.application";
		};
/* End PBXNativeTarget section */

/* Begin PBXProject section */
		65EF68B82C17301000232A30 /* Project object */ = {
			isa = PBXProject;
			attributes = {
				BuildIndependentTargetsInParallel = 1;
				LastSwiftUpdateCheck = 1540;
				LastUpgradeCheck = 1540;
				TargetAttributes = {
					656ACD712C4EE3070072D9B1 = {
						CreatedOnToolsVersion = 15.4;
					};
					65A344B52C4D115D00E52D8D = {
						CreatedOnToolsVersion = 15.4;
					};
					65B8F3652C372EA600E28252 = {
						CreatedOnToolsVersion = 15.4;
						TestTargetID = 65EF68BF2C17301000232A30;
					};
					65B8F3832C3B06FA00E28252 = {
						CreatedOnToolsVersion = 15.4;
						TestTargetID = 65EF68BF2C17301000232A30;
					};
					65C4AE4F2C4F03FA0014FB1C = {
						CreatedOnToolsVersion = 15.4;
					};
					65EF68BF2C17301000232A30 = {
						CreatedOnToolsVersion = 15.4;
					};
				};
			};
			buildConfigurationList = 65EF68BB2C17301000232A30 /* Build configuration list for PBXProject "UltimatePortfolio" */;
			compatibilityVersion = "Xcode 14.0";
			developmentRegion = en;
			hasScannedForEncodings = 0;
			knownRegions = (
				en,
				Base,
				hu,
			);
			mainGroup = 65EF68B72C17301000232A30;
			productRefGroup = 65EF68C12C17301000232A30 /* Products */;
			projectDirPath = "";
			projectRoot = "";
			targets = (
				65EF68BF2C17301000232A30 /* UltimatePortfolio */,
				65B8F3652C372EA600E28252 /* UltimatePortfolioTests */,
				65B8F3832C3B06FA00E28252 /* UltimatePortfolioUITests */,
				65A344B52C4D115D00E52D8D /* UltimatePortfolioWidgetExtension */,
				656ACD712C4EE3070072D9B1 /* UltimatePortfolioWidgetMacExtension */,
				65C4AE4F2C4F03FA0014FB1C /* UltimatePortfolioWatch Watch App */,
			);
		};
/* End PBXProject section */

/* Begin PBXResourcesBuildPhase section */
		656ACD702C4EE3070072D9B1 /* Resources */ = {
			isa = PBXResourcesBuildPhase;
			buildActionMask = 2147483647;
			files = (
				656ACD7B2C4EE3080072D9B1 /* Assets.xcassets in Resources */,
			);
			runOnlyForDeploymentPostprocessing = 0;
		};
		65A344B42C4D115D00E52D8D /* Resources */ = {
			isa = PBXResourcesBuildPhase;
			buildActionMask = 2147483647;
			files = (
				65A344C22C4D115F00E52D8D /* Assets.xcassets in Resources */,
				65A85B622C4D62B5009E2B7A /* Localizable.strings in Resources */,
			);
			runOnlyForDeploymentPostprocessing = 0;
		};
		65B8F3642C372EA600E28252 /* Resources */ = {
			isa = PBXResourcesBuildPhase;
			buildActionMask = 2147483647;
			files = (
				65B8F37B2C3AFEE700E28252 /* DecodableDictionary.json in Resources */,
				65B8F37D2C3AFF1800E28252 /* DecodableString.json in Resources */,
			);
			runOnlyForDeploymentPostprocessing = 0;
		};
		65B8F3822C3B06FA00E28252 /* Resources */ = {
			isa = PBXResourcesBuildPhase;
			buildActionMask = 2147483647;
			files = (
			);
			runOnlyForDeploymentPostprocessing = 0;
		};
		65C4AE4E2C4F03FA0014FB1C /* Resources */ = {
			isa = PBXResourcesBuildPhase;
			buildActionMask = 2147483647;
			files = (
				65C4AE842C4F04920014FB1C /* Localizable.strings in Resources */,
				65C4AE862C4F04980014FB1C /* Awards.json in Resources */,
				65C4AE5A2C4F03FE0014FB1C /* Preview Assets.xcassets in Resources */,
				65C4AE812C4F04800014FB1C /* Assets.xcassets in Resources */,
				65C4AE822C4F04800014FB1C /* Colors.xcassets in Resources */,
				65C4AE572C4F03FE0014FB1C /* Assets.xcassets in Resources */,
				65C4AE852C4F04950014FB1C /* Localizable.stringsdict in Resources */,
			);
			runOnlyForDeploymentPostprocessing = 0;
		};
		65EF68BE2C17301000232A30 /* Resources */ = {
			isa = PBXResourcesBuildPhase;
			buildActionMask = 2147483647;
			files = (
				659495CC2C3301FB00B31BDA /* Localizable.strings in Resources */,
				65EF68CC2C17301100232A30 /* Preview Assets.xcassets in Resources */,
				654250D92C2CA75700E74974 /* Colors.xcassets in Resources */,
				659495D42C330FBF00B31BDA /* Awards.json in Resources */,
				65EF68C82C17301100232A30 /* Assets.xcassets in Resources */,
				656ACD932C4F02100072D9B1 /* Credits.rtf in Resources */,
				659495CF2C33064A00B31BDA /* Localizable.stringsdict in Resources */,
			);
			runOnlyForDeploymentPostprocessing = 0;
		};
/* End PBXResourcesBuildPhase section */

/* Begin PBXShellScriptBuildPhase section */
		659495E22C334FCD00B31BDA /* SwiftLint */ = {
			isa = PBXShellScriptBuildPhase;
			alwaysOutOfDate = 1;
			buildActionMask = 2147483647;
			files = (
			);
			inputFileListPaths = (
			);
			inputPaths = (
			);
			name = SwiftLint;
			outputFileListPaths = (
			);
			outputPaths = (
			);
			runOnlyForDeploymentPostprocessing = 0;
			shellPath = /bin/sh;
			shellScript = "if [[ \"$(uname -m)\" == arm64 ]]\nthen\n    export PATH=\"/opt/homebrew/bin:$PATH\"\nfi\n\nif command -v swiftlint >/dev/null 2>&1\nthen\n    swiftlint\nelse\n    echo \"warning: `swiftlint` command not found - See https://github.com/realm/SwiftLint#installation for installation instructions.\"\nfi\n";
		};
/* End PBXShellScriptBuildPhase section */

/* Begin PBXSourcesBuildPhase section */
		656ACD6E2C4EE3070072D9B1 /* Sources */ = {
			isa = PBXSourcesBuildPhase;
			buildActionMask = 2147483647;
			files = (
				656ACD8C2C4EE3610072D9B1 /* Main.xcdatamodeld in Sources */,
				656ACD842C4EE35D0072D9B1 /* Filter.swift in Sources */,
				656ACD852C4EE35D0072D9B1 /* ComplexPortfolioWidget.swift in Sources */,
				656ACD862C4EE35D0072D9B1 /* SimplePortfolioWidget.swift in Sources */,
				656ACD872C4EE35D0072D9B1 /* UltimatePortfolioWidgetBundle.swift in Sources */,
				656ACD882C4EE35D0072D9B1 /* Tag-CoreDataHelpers.swift in Sources */,
				656ACD892C4EE35D0072D9B1 /* DataController.swift in Sources */,
				656ACD8A2C4EE35D0072D9B1 /* DataController-StoreKit.swift in Sources */,
				656ACD8B2C4EE35D0072D9B1 /* Issue-CoreDataHelpers.swift in Sources */,
			);
			runOnlyForDeploymentPostprocessing = 0;
		};
		65A344B22C4D115D00E52D8D /* Sources */ = {
			isa = PBXSourcesBuildPhase;
			buildActionMask = 2147483647;
			files = (
				65A344CF2C4D12AE00E52D8D /* Filter.swift in Sources */,
				65A344CB2C4D124000E52D8D /* Main.xcdatamodeld in Sources */,
				65A344CC2C4D125700E52D8D /* DataController.swift in Sources */,
				65A344BE2C4D115D00E52D8D /* UltimatePortfolioWidgetBundle.swift in Sources */,
				65A344D22C4D130600E52D8D /* DataController-StoreKit.swift in Sources */,
				65A344CD2C4D126100E52D8D /* Issue-CoreDataHelpers.swift in Sources */,
				65A344CE2C4D126100E52D8D /* Tag-CoreDataHelpers.swift in Sources */,
				65A344C02C4D115D00E52D8D /* SimplePortfolioWidget.swift in Sources */,
				65A85B642C4D642D009E2B7A /* ComplexPortfolioWidget.swift in Sources */,
			);
			runOnlyForDeploymentPostprocessing = 0;
		};
		65B8F3622C372EA600E28252 /* Sources */ = {
			isa = PBXSourcesBuildPhase;
			buildActionMask = 2147483647;
			files = (
				65B8F37F2C3B01F400E28252 /* PerformanceTests.swift in Sources */,
				65B8F3702C38447100E28252 /* AssetTests.swift in Sources */,
				65B8F3742C39CD4300E28252 /* AwardTests.swift in Sources */,
				65B8F3722C38758700E28252 /* TagTests.swift in Sources */,
				65B8F3782C3ACBD300E28252 /* ExtensionTests.swift in Sources */,
				65B8F3692C372EA600E28252 /* UltimatePortfolioTests.swift in Sources */,
				65B8F3762C39DB2000E28252 /* DevelopmentTests.swift in Sources */,
			);
			runOnlyForDeploymentPostprocessing = 0;
		};
		65B8F3802C3B06FA00E28252 /* Sources */ = {
			isa = PBXSourcesBuildPhase;
			buildActionMask = 2147483647;
			files = (
				65B8F3892C3B06FA00E28252 /* UltimatePortfolioUITestsLaunchTests.swift in Sources */,
				65B8F3872C3B06FA00E28252 /* UltimatePortfolioUITests.swift in Sources */,
			);
			runOnlyForDeploymentPostprocessing = 0;
		};
		65C4AE4C2C4F03FA0014FB1C /* Sources */ = {
			isa = PBXSourcesBuildPhase;
			buildActionMask = 2147483647;
			files = (
				65C4AE622C4F04720014FB1C /* Tag-CoreDataHelpers.swift in Sources */,
				65C4AE632C4F04720014FB1C /* ContentView.swift in Sources */,
				65C4AE642C4F04720014FB1C /* SidebarViewToolbar.swift in Sources */,
				65C4AE652C4F04720014FB1C /* DataController-Notifications.swift in Sources */,
				65C4AE662C4F04720014FB1C /* TagsMenuView.swift in Sources */,
				65C4AE672C4F04720014FB1C /* Award.swift in Sources */,
				65C4AE682C4F04720014FB1C /* SmartFilterRow.swift in Sources */,
				65C4AE692C4F04720014FB1C /* IssueViewToolbar.swift in Sources */,
				65C4AE6A2C4F04720014FB1C /* IssueRow.swift in Sources */,
				65C4AE6B2C4F04720014FB1C /* InlineNavigationBar.swift in Sources */,
				65C4AE892C4F07390014FB1C /* NumberBadge.swift in Sources */,
				65C4AE6C2C4F04720014FB1C /* NoIssueView.swift in Sources */,
				65C4AE6D2C4F04720014FB1C /* IssueRowViewModel.swift in Sources */,
				65C4AE6E2C4F04720014FB1C /* Bundle-Decodable.swift in Sources */,
				65C4AE6F2C4F04720014FB1C /* StoreView.swift in Sources */,
				65C4AE832C4F04860014FB1C /* Main.xcdatamodeld in Sources */,
				65C4AE702C4F04720014FB1C /* MacFrame.swift in Sources */,
				65C4AE712C4F04720014FB1C /* ContentViewToolbar.swift in Sources */,
				65C4AE722C4F04720014FB1C /* SidebarView.swift in Sources */,
				65C4AE732C4F04720014FB1C /* AppDelegate.swift in Sources */,
				65C4AE742C4F04720014FB1C /* UltimatePortfolioApp.swift in Sources */,
				65C4AE752C4F04720014FB1C /* UserFilterRow.swift in Sources */,
				65C4AE762C4F04720014FB1C /* Filter.swift in Sources */,
				65C4AE772C4F04720014FB1C /* SidebarViewModel.swift in Sources */,
				65C4AE782C4F04720014FB1C /* DataController.swift in Sources */,
				65C4AE792C4F04720014FB1C /* IssueView.swift in Sources */,
				65C4AE7A2C4F04720014FB1C /* DetailView.swift in Sources */,
				65C4AE7B2C4F04720014FB1C /* AwardsView.swift in Sources */,
				65C4AE7C2C4F04720014FB1C /* DataController-StoreKit.swift in Sources */,
				65C4AE7D2C4F04720014FB1C /* DataController-Awards.swift in Sources */,
				65C4AE7E2C4F04720014FB1C /* SceneDelegate.swift in Sources */,
				65C4AE7F2C4F04720014FB1C /* ContentViewModel.swift in Sources */,
				65C4AE802C4F04720014FB1C /* Issue-CoreDataHelpers.swift in Sources */,
			);
			runOnlyForDeploymentPostprocessing = 0;
		};
		65EF68BC2C17301000232A30 /* Sources */ = {
			isa = PBXSourcesBuildPhase;
			buildActionMask = 2147483647;
			files = (
				65DD7BC12C1797FC002631FC /* Filter.swift in Sources */,
				659495DD2C33156700B31BDA /* TagsMenuView.swift in Sources */,
				654250DB2C2CA7EC00E74974 /* Award.swift in Sources */,
				659495D92C33137A00B31BDA /* IssueViewToolbar.swift in Sources */,
				65A344AF2C4C662C00E52D8D /* AppDelegate.swift in Sources */,
				656ACD912C4EFF4A0072D9B1 /* MacFrame.swift in Sources */,
				659495DF2C33164C00B31BDA /* SmartFilterRow.swift in Sources */,
				654250DD2C2CA89700E74974 /* AwardsView.swift in Sources */,
				65A344AA2C45841200E52D8D /* DataController-StoreKit.swift in Sources */,
				65A344A72C43B68900E52D8D /* DataController-Notifications.swift in Sources */,
				65C4AE882C4F06F70014FB1C /* NumberBadge.swift in Sources */,
				656099492C1B8B77009A98C6 /* Tag-CoreDataHelpers.swift in Sources */,
				65EF68D42C173D5B00232A30 /* Main.xcdatamodeld in Sources */,
				656099472C18CE47009A98C6 /* Issue-CoreDataHelpers.swift in Sources */,
				65A344B12C4C663200E52D8D /* SceneDelegate.swift in Sources */,
				654250D52C2CA32800E74974 /* Bundle-Decodable.swift in Sources */,
				65DD7BBF2C17959F002631FC /* DetailView.swift in Sources */,
				65A344D42C4D137200E52D8D /* DataController-Awards.swift in Sources */,
				65D21FAC2C3C367A00EEB836 /* SidebarViewModel.swift in Sources */,
				65D21FAE2C3C3DCB00EEB836 /* ContentViewModel.swift in Sources */,
				65EF68D62C17491B00232A30 /* DataController.swift in Sources */,
				659495DB2C33140100B31BDA /* ContentViewToolbar.swift in Sources */,
				656ACD6D2C4EDD6A0072D9B1 /* InlineNavigationBar.swift in Sources */,
				65DD7BBD2C179597002631FC /* SidebarView.swift in Sources */,
				65EF68C62C17301000232A30 /* ContentView.swift in Sources */,
				659495D72C33120F00B31BDA /* SidebarViewToolbar.swift in Sources */,
				654250D12C2092B300E74974 /* IssueView.swift in Sources */,
				659495E12C3316AE00B31BDA /* UserFilterRow.swift in Sources */,
				654250D32C2092B900E74974 /* NoIssueView.swift in Sources */,
				6560994B2C1B94A4009A98C6 /* IssueRow.swift in Sources */,
				65EF68C42C17301000232A30 /* UltimatePortfolioApp.swift in Sources */,
				65A344AD2C45911700E52D8D /* StoreView.swift in Sources */,
				65D21FB02C3C3EB700EEB836 /* IssueRowViewModel.swift in Sources */,
			);
			runOnlyForDeploymentPostprocessing = 0;
		};
/* End PBXSourcesBuildPhase section */

/* Begin PBXTargetDependency section */
		656ACD8F2C4EE49F0072D9B1 /* PBXTargetDependency */ = {
			isa = PBXTargetDependency;
			platformFilters = (
				macos,
			);
			target = 656ACD712C4EE3070072D9B1 /* UltimatePortfolioWidgetMacExtension */;
			targetProxy = 656ACD8E2C4EE49F0072D9B1 /* PBXContainerItemProxy */;
		};
		65A344C52C4D115F00E52D8D /* PBXTargetDependency */ = {
			isa = PBXTargetDependency;
			platformFilter = ios;
			target = 65A344B52C4D115D00E52D8D /* UltimatePortfolioWidgetExtension */;
			targetProxy = 65A344C42C4D115F00E52D8D /* PBXContainerItemProxy */;
		};
		65B8F36B2C372EA600E28252 /* PBXTargetDependency */ = {
			isa = PBXTargetDependency;
			target = 65EF68BF2C17301000232A30 /* UltimatePortfolio */;
			targetProxy = 65B8F36A2C372EA600E28252 /* PBXContainerItemProxy */;
		};
		65B8F38B2C3B06FA00E28252 /* PBXTargetDependency */ = {
			isa = PBXTargetDependency;
			platformFilter = ios;
			target = 65EF68BF2C17301000232A30 /* UltimatePortfolio */;
			targetProxy = 65B8F38A2C3B06FA00E28252 /* PBXContainerItemProxy */;
		};
		65C4AE5C2C4F03FE0014FB1C /* PBXTargetDependency */ = {
			isa = PBXTargetDependency;
			platformFilter = ios;
			target = 65C4AE4F2C4F03FA0014FB1C /* UltimatePortfolioWatch Watch App */;
			targetProxy = 65C4AE5B2C4F03FE0014FB1C /* PBXContainerItemProxy */;
		};
/* End PBXTargetDependency section */

/* Begin PBXVariantGroup section */
		659495CA2C3301FB00B31BDA /* Localizable.strings */ = {
			isa = PBXVariantGroup;
			children = (
				659495CB2C3301FB00B31BDA /* en */,
				659495D02C330C2E00B31BDA /* hu */,
			);
			name = Localizable.strings;
			sourceTree = "<group>";
		};
		659495CD2C33064A00B31BDA /* Localizable.stringsdict */ = {
			isa = PBXVariantGroup;
			children = (
				659495CE2C33064A00B31BDA /* en */,
				659495D12C330C2E00B31BDA /* hu */,
			);
			name = Localizable.stringsdict;
			sourceTree = "<group>";
		};
		659495D32C330FBF00B31BDA /* Awards.json */ = {
			isa = PBXVariantGroup;
			children = (
				659495D22C330FBF00B31BDA /* en */,
				659495D52C330FF100B31BDA /* hu */,
			);
			name = Awards.json;
			sourceTree = "<group>";
		};
/* End PBXVariantGroup section */

/* Begin XCBuildConfiguration section */
		656ACD822C4EE3080072D9B1 /* Debug */ = {
			isa = XCBuildConfiguration;
			buildSettings = {
				ASSETCATALOG_COMPILER_GLOBAL_ACCENT_COLOR_NAME = AccentColor;
				ASSETCATALOG_COMPILER_WIDGET_BACKGROUND_COLOR_NAME = WidgetBackground;
				CODE_SIGN_ENTITLEMENTS = UltimatePortfolioWidgetMac/UltimatePortfolioWidgetMac.entitlements;
				CODE_SIGN_IDENTITY = "Apple Development";
				CODE_SIGN_STYLE = Automatic;
				CURRENT_PROJECT_VERSION = 1;
				DEVELOPMENT_TEAM = 9N39247EUQ;
				ENABLE_HARDENED_RUNTIME = YES;
				GENERATE_INFOPLIST_FILE = YES;
				INFOPLIST_FILE = UltimatePortfolioWidgetMac/Info.plist;
				INFOPLIST_KEY_CFBundleDisplayName = UltimatePortfolioWidgetMac;
				INFOPLIST_KEY_NSHumanReadableCopyright = "";
				LD_RUNPATH_SEARCH_PATHS = (
					"$(inherited)",
					"@executable_path/../Frameworks",
					"@executable_path/../../../../Frameworks",
				);
				MACOSX_DEPLOYMENT_TARGET = 14.5;
				MARKETING_VERSION = 1.0;
				PRODUCT_BUNDLE_IDENTIFIER = uk.co.ottid.UltimatePortfolio.UltimatePortfolioWidgetMac;
				PRODUCT_NAME = "$(TARGET_NAME)";
				SDKROOT = macosx;
				SKIP_INSTALL = YES;
				SWIFT_EMIT_LOC_STRINGS = YES;
				SWIFT_VERSION = 5.0;
			};
			name = Debug;
		};
		656ACD832C4EE3080072D9B1 /* Release */ = {
			isa = XCBuildConfiguration;
			buildSettings = {
				ASSETCATALOG_COMPILER_GLOBAL_ACCENT_COLOR_NAME = AccentColor;
				ASSETCATALOG_COMPILER_WIDGET_BACKGROUND_COLOR_NAME = WidgetBackground;
				CODE_SIGN_ENTITLEMENTS = UltimatePortfolioWidgetMac/UltimatePortfolioWidgetMac.entitlements;
				CODE_SIGN_IDENTITY = "Apple Development";
				CODE_SIGN_STYLE = Automatic;
				CURRENT_PROJECT_VERSION = 1;
				DEVELOPMENT_TEAM = 9N39247EUQ;
				ENABLE_HARDENED_RUNTIME = YES;
				GENERATE_INFOPLIST_FILE = YES;
				INFOPLIST_FILE = UltimatePortfolioWidgetMac/Info.plist;
				INFOPLIST_KEY_CFBundleDisplayName = UltimatePortfolioWidgetMac;
				INFOPLIST_KEY_NSHumanReadableCopyright = "";
				LD_RUNPATH_SEARCH_PATHS = (
					"$(inherited)",
					"@executable_path/../Frameworks",
					"@executable_path/../../../../Frameworks",
				);
				MACOSX_DEPLOYMENT_TARGET = 14.5;
				MARKETING_VERSION = 1.0;
				PRODUCT_BUNDLE_IDENTIFIER = uk.co.ottid.UltimatePortfolio.UltimatePortfolioWidgetMac;
				PRODUCT_NAME = "$(TARGET_NAME)";
				SDKROOT = macosx;
				SKIP_INSTALL = YES;
				SWIFT_EMIT_LOC_STRINGS = YES;
				SWIFT_VERSION = 5.0;
			};
			name = Release;
		};
		65A344C82C4D115F00E52D8D /* Debug */ = {
			isa = XCBuildConfiguration;
			buildSettings = {
				ASSETCATALOG_COMPILER_GLOBAL_ACCENT_COLOR_NAME = AccentColor;
				ASSETCATALOG_COMPILER_WIDGET_BACKGROUND_COLOR_NAME = WidgetBackground;
				CODE_SIGN_ENTITLEMENTS = UltimatePortfolioWidgetExtension.entitlements;
				CODE_SIGN_IDENTITY = "Apple Development";
				CODE_SIGN_STYLE = Automatic;
				CURRENT_PROJECT_VERSION = 1;
				DEVELOPMENT_TEAM = 9N39247EUQ;
				GENERATE_INFOPLIST_FILE = YES;
				INFOPLIST_FILE = UltimatePortfolioWidget/Info.plist;
				INFOPLIST_KEY_CFBundleDisplayName = UltimatePortfolioWidget;
				INFOPLIST_KEY_NSHumanReadableCopyright = "";
				IPHONEOS_DEPLOYMENT_TARGET = 17.5;
				LD_RUNPATH_SEARCH_PATHS = (
					"$(inherited)",
					"@executable_path/Frameworks",
					"@executable_path/../../Frameworks",
				);
				MARKETING_VERSION = 1.0;
				PRODUCT_BUNDLE_IDENTIFIER = uk.co.ottid.UltimatePortfolio.UltimatePortfolioWidget;
				PRODUCT_NAME = "$(TARGET_NAME)";
				SDKROOT = iphoneos;
				SKIP_INSTALL = YES;
				SUPPORTED_PLATFORMS = "iphoneos iphonesimulator";
				SUPPORTS_MACCATALYST = NO;
				SUPPORTS_MAC_DESIGNED_FOR_IPHONE_IPAD = YES;
				SWIFT_EMIT_LOC_STRINGS = YES;
				SWIFT_VERSION = 5.0;
				TARGETED_DEVICE_FAMILY = "1,2";
			};
			name = Debug;
		};
		65A344C92C4D115F00E52D8D /* Release */ = {
			isa = XCBuildConfiguration;
			buildSettings = {
				ASSETCATALOG_COMPILER_GLOBAL_ACCENT_COLOR_NAME = AccentColor;
				ASSETCATALOG_COMPILER_WIDGET_BACKGROUND_COLOR_NAME = WidgetBackground;
				CODE_SIGN_ENTITLEMENTS = UltimatePortfolioWidgetExtension.entitlements;
				CODE_SIGN_IDENTITY = "Apple Development";
				CODE_SIGN_STYLE = Automatic;
				CURRENT_PROJECT_VERSION = 1;
				DEVELOPMENT_TEAM = 9N39247EUQ;
				GENERATE_INFOPLIST_FILE = YES;
				INFOPLIST_FILE = UltimatePortfolioWidget/Info.plist;
				INFOPLIST_KEY_CFBundleDisplayName = UltimatePortfolioWidget;
				INFOPLIST_KEY_NSHumanReadableCopyright = "";
				IPHONEOS_DEPLOYMENT_TARGET = 17.5;
				LD_RUNPATH_SEARCH_PATHS = (
					"$(inherited)",
					"@executable_path/Frameworks",
					"@executable_path/../../Frameworks",
				);
				MARKETING_VERSION = 1.0;
				PRODUCT_BUNDLE_IDENTIFIER = uk.co.ottid.UltimatePortfolio.UltimatePortfolioWidget;
				PRODUCT_NAME = "$(TARGET_NAME)";
				SDKROOT = iphoneos;
				SKIP_INSTALL = YES;
				SUPPORTED_PLATFORMS = "iphoneos iphonesimulator";
				SUPPORTS_MACCATALYST = NO;
				SUPPORTS_MAC_DESIGNED_FOR_IPHONE_IPAD = YES;
				SWIFT_EMIT_LOC_STRINGS = YES;
				SWIFT_VERSION = 5.0;
				TARGETED_DEVICE_FAMILY = "1,2";
				VALIDATE_PRODUCT = YES;
			};
			name = Release;
		};
		65B8F36D2C372EA600E28252 /* Debug */ = {
			isa = XCBuildConfiguration;
			buildSettings = {
				BUNDLE_LOADER = "$(TEST_HOST)";
				CODE_SIGN_STYLE = Automatic;
				CURRENT_PROJECT_VERSION = 1;
				DEVELOPMENT_TEAM = 9N39247EUQ;
				GENERATE_INFOPLIST_FILE = YES;
				IPHONEOS_DEPLOYMENT_TARGET = 17.5;
				MARKETING_VERSION = 1.0;
				PRODUCT_BUNDLE_IDENTIFIER = co.uk.ottid.UltimatePortfolioTests;
				PRODUCT_NAME = "$(TARGET_NAME)";
				SDKROOT = iphoneos;
				SWIFT_EMIT_LOC_STRINGS = NO;
				SWIFT_VERSION = 5.0;
				TARGETED_DEVICE_FAMILY = "1,2";
				TEST_HOST = "$(BUILT_PRODUCTS_DIR)/UltimatePortfolio.app/$(BUNDLE_EXECUTABLE_FOLDER_PATH)/UltimatePortfolio";
			};
			name = Debug;
		};
		65B8F36E2C372EA600E28252 /* Release */ = {
			isa = XCBuildConfiguration;
			buildSettings = {
				BUNDLE_LOADER = "$(TEST_HOST)";
				CODE_SIGN_STYLE = Automatic;
				CURRENT_PROJECT_VERSION = 1;
				DEVELOPMENT_TEAM = 9N39247EUQ;
				GENERATE_INFOPLIST_FILE = YES;
				IPHONEOS_DEPLOYMENT_TARGET = 17.5;
				MARKETING_VERSION = 1.0;
				PRODUCT_BUNDLE_IDENTIFIER = co.uk.ottid.UltimatePortfolioTests;
				PRODUCT_NAME = "$(TARGET_NAME)";
				SDKROOT = iphoneos;
				SWIFT_EMIT_LOC_STRINGS = NO;
				SWIFT_VERSION = 5.0;
				TARGETED_DEVICE_FAMILY = "1,2";
				TEST_HOST = "$(BUILT_PRODUCTS_DIR)/UltimatePortfolio.app/$(BUNDLE_EXECUTABLE_FOLDER_PATH)/UltimatePortfolio";
				VALIDATE_PRODUCT = YES;
			};
			name = Release;
		};
		65B8F38D2C3B06FA00E28252 /* Debug */ = {
			isa = XCBuildConfiguration;
			buildSettings = {
				CODE_SIGN_STYLE = Automatic;
				CURRENT_PROJECT_VERSION = 1;
				DEVELOPMENT_TEAM = 9N39247EUQ;
				GENERATE_INFOPLIST_FILE = YES;
				IPHONEOS_DEPLOYMENT_TARGET = 17.5;
				MARKETING_VERSION = 1.0;
				PRODUCT_BUNDLE_IDENTIFIER = co.uk.ottid.UltimatePortfolioUITests;
				PRODUCT_NAME = "$(TARGET_NAME)";
				SDKROOT = iphoneos;
				SUPPORTED_PLATFORMS = "iphoneos iphonesimulator";
				SUPPORTS_MACCATALYST = YES;
				SWIFT_EMIT_LOC_STRINGS = NO;
				SWIFT_VERSION = 5.0;
				TARGETED_DEVICE_FAMILY = "1,2";
				TEST_TARGET_NAME = UltimatePortfolio;
			};
			name = Debug;
		};
		65B8F38E2C3B06FA00E28252 /* Release */ = {
			isa = XCBuildConfiguration;
			buildSettings = {
				CODE_SIGN_STYLE = Automatic;
				CURRENT_PROJECT_VERSION = 1;
				DEVELOPMENT_TEAM = 9N39247EUQ;
				GENERATE_INFOPLIST_FILE = YES;
				IPHONEOS_DEPLOYMENT_TARGET = 17.5;
				MARKETING_VERSION = 1.0;
				PRODUCT_BUNDLE_IDENTIFIER = co.uk.ottid.UltimatePortfolioUITests;
				PRODUCT_NAME = "$(TARGET_NAME)";
				SDKROOT = iphoneos;
				SUPPORTED_PLATFORMS = "iphoneos iphonesimulator";
				SUPPORTS_MACCATALYST = YES;
				SWIFT_EMIT_LOC_STRINGS = NO;
				SWIFT_VERSION = 5.0;
				TARGETED_DEVICE_FAMILY = "1,2";
				TEST_TARGET_NAME = UltimatePortfolio;
				VALIDATE_PRODUCT = YES;
			};
			name = Release;
		};
		65C4AE5F2C4F03FE0014FB1C /* Debug */ = {
			isa = XCBuildConfiguration;
			buildSettings = {
				ASSETCATALOG_COMPILER_APPICON_NAME = AppIcon;
				ASSETCATALOG_COMPILER_GENERATE_SWIFT_ASSET_SYMBOL_EXTENSIONS = NO;
				ASSETCATALOG_COMPILER_GLOBAL_ACCENT_COLOR_NAME = AccentColor;
				CODE_SIGN_ENTITLEMENTS = "UltimatePortfolioWatch Watch App/UltimatePortfolioWatch Watch App.entitlements";
				CODE_SIGN_IDENTITY = "Apple Development";
				CODE_SIGN_STYLE = Automatic;
				CURRENT_PROJECT_VERSION = 1;
				DEVELOPMENT_ASSET_PATHS = "\"UltimatePortfolioWatch Watch App/Preview Content\"";
				DEVELOPMENT_TEAM = 9N39247EUQ;
				ENABLE_PREVIEWS = YES;
				GENERATE_INFOPLIST_FILE = YES;
				INFOPLIST_KEY_CFBundleDisplayName = UltimatePortfolioWatch;
				INFOPLIST_KEY_UISupportedInterfaceOrientations = "UIInterfaceOrientationPortrait UIInterfaceOrientationPortraitUpsideDown";
				INFOPLIST_KEY_WKCompanionAppBundleIdentifier = uk.co.ottid.UltimatePortfolio;
				LD_RUNPATH_SEARCH_PATHS = (
					"$(inherited)",
					"@executable_path/Frameworks",
				);
				MARKETING_VERSION = 1.0;
				PRODUCT_BUNDLE_IDENTIFIER = uk.co.ottid.UltimatePortfolio.watchkitapp;
				PRODUCT_NAME = "$(TARGET_NAME)";
				SDKROOT = watchos;
				SKIP_INSTALL = YES;
				SWIFT_EMIT_LOC_STRINGS = YES;
				SWIFT_VERSION = 5.0;
				TARGETED_DEVICE_FAMILY = 4;
				WATCHOS_DEPLOYMENT_TARGET = 10.5;
			};
			name = Debug;
		};
		65C4AE602C4F03FE0014FB1C /* Release */ = {
			isa = XCBuildConfiguration;
			buildSettings = {
				ASSETCATALOG_COMPILER_APPICON_NAME = AppIcon;
				ASSETCATALOG_COMPILER_GENERATE_SWIFT_ASSET_SYMBOL_EXTENSIONS = NO;
				ASSETCATALOG_COMPILER_GLOBAL_ACCENT_COLOR_NAME = AccentColor;
				CODE_SIGN_ENTITLEMENTS = "UltimatePortfolioWatch Watch App/UltimatePortfolioWatch Watch App.entitlements";
				CODE_SIGN_IDENTITY = "Apple Development";
				CODE_SIGN_STYLE = Automatic;
				CURRENT_PROJECT_VERSION = 1;
				DEVELOPMENT_ASSET_PATHS = "\"UltimatePortfolioWatch Watch App/Preview Content\"";
				DEVELOPMENT_TEAM = 9N39247EUQ;
				ENABLE_PREVIEWS = YES;
				GENERATE_INFOPLIST_FILE = YES;
				INFOPLIST_KEY_CFBundleDisplayName = UltimatePortfolioWatch;
				INFOPLIST_KEY_UISupportedInterfaceOrientations = "UIInterfaceOrientationPortrait UIInterfaceOrientationPortraitUpsideDown";
				INFOPLIST_KEY_WKCompanionAppBundleIdentifier = uk.co.ottid.UltimatePortfolio;
				LD_RUNPATH_SEARCH_PATHS = (
					"$(inherited)",
					"@executable_path/Frameworks",
				);
				MARKETING_VERSION = 1.0;
				PRODUCT_BUNDLE_IDENTIFIER = uk.co.ottid.UltimatePortfolio.watchkitapp;
				PRODUCT_NAME = "$(TARGET_NAME)";
				SDKROOT = watchos;
				SKIP_INSTALL = YES;
				SWIFT_EMIT_LOC_STRINGS = YES;
				SWIFT_VERSION = 5.0;
				TARGETED_DEVICE_FAMILY = 4;
				VALIDATE_PRODUCT = YES;
				WATCHOS_DEPLOYMENT_TARGET = 10.5;
			};
			name = Release;
		};
		65EF68CD2C17301100232A30 /* Debug */ = {
			isa = XCBuildConfiguration;
			buildSettings = {
				ALWAYS_SEARCH_USER_PATHS = NO;
				ASSETCATALOG_COMPILER_GENERATE_SWIFT_ASSET_SYMBOL_EXTENSIONS = YES;
				CLANG_ANALYZER_LOCALIZABILITY_NONLOCALIZED = YES;
				CLANG_ANALYZER_NONNULL = YES;
				CLANG_ANALYZER_NUMBER_OBJECT_CONVERSION = YES_AGGRESSIVE;
				CLANG_CXX_LANGUAGE_STANDARD = "gnu++20";
				CLANG_ENABLE_MODULES = YES;
				CLANG_ENABLE_OBJC_ARC = YES;
				CLANG_ENABLE_OBJC_WEAK = YES;
				CLANG_WARN_BLOCK_CAPTURE_AUTORELEASING = YES;
				CLANG_WARN_BOOL_CONVERSION = YES;
				CLANG_WARN_COMMA = YES;
				CLANG_WARN_CONSTANT_CONVERSION = YES;
				CLANG_WARN_DEPRECATED_OBJC_IMPLEMENTATIONS = YES;
				CLANG_WARN_DIRECT_OBJC_ISA_USAGE = YES_ERROR;
				CLANG_WARN_DOCUMENTATION_COMMENTS = YES;
				CLANG_WARN_EMPTY_BODY = YES;
				CLANG_WARN_ENUM_CONVERSION = YES;
				CLANG_WARN_INFINITE_RECURSION = YES;
				CLANG_WARN_INT_CONVERSION = YES;
				CLANG_WARN_NON_LITERAL_NULL_CONVERSION = YES;
				CLANG_WARN_OBJC_IMPLICIT_RETAIN_SELF = YES;
				CLANG_WARN_OBJC_LITERAL_CONVERSION = YES;
				CLANG_WARN_OBJC_ROOT_CLASS = YES_ERROR;
				CLANG_WARN_QUOTED_INCLUDE_IN_FRAMEWORK_HEADER = YES;
				CLANG_WARN_RANGE_LOOP_ANALYSIS = YES;
				CLANG_WARN_STRICT_PROTOTYPES = YES;
				CLANG_WARN_SUSPICIOUS_MOVE = YES;
				CLANG_WARN_UNGUARDED_AVAILABILITY = YES_AGGRESSIVE;
				CLANG_WARN_UNREACHABLE_CODE = YES;
				CLANG_WARN__DUPLICATE_METHOD_MATCH = YES;
				COPY_PHASE_STRIP = NO;
				DEBUG_INFORMATION_FORMAT = dwarf;
				ENABLE_STRICT_OBJC_MSGSEND = YES;
				ENABLE_TESTABILITY = YES;
				ENABLE_USER_SCRIPT_SANDBOXING = YES;
				GCC_C_LANGUAGE_STANDARD = gnu17;
				GCC_DYNAMIC_NO_PIC = NO;
				GCC_NO_COMMON_BLOCKS = YES;
				GCC_OPTIMIZATION_LEVEL = 0;
				GCC_PREPROCESSOR_DEFINITIONS = (
					"DEBUG=1",
					"$(inherited)",
				);
				GCC_WARN_64_TO_32_BIT_CONVERSION = YES;
				GCC_WARN_ABOUT_RETURN_TYPE = YES_ERROR;
				GCC_WARN_UNDECLARED_SELECTOR = YES;
				GCC_WARN_UNINITIALIZED_AUTOS = YES_AGGRESSIVE;
				GCC_WARN_UNUSED_FUNCTION = YES;
				GCC_WARN_UNUSED_VARIABLE = YES;
				LOCALIZATION_PREFERS_STRING_CATALOGS = YES;
				MTL_ENABLE_DEBUG_INFO = INCLUDE_SOURCE;
				MTL_FAST_MATH = YES;
				ONLY_ACTIVE_ARCH = YES;
				SWIFT_ACTIVE_COMPILATION_CONDITIONS = "DEBUG $(inherited)";
				SWIFT_OPTIMIZATION_LEVEL = "-Onone";
			};
			name = Debug;
		};
		65EF68CE2C17301100232A30 /* Release */ = {
			isa = XCBuildConfiguration;
			buildSettings = {
				ALWAYS_SEARCH_USER_PATHS = NO;
				ASSETCATALOG_COMPILER_GENERATE_SWIFT_ASSET_SYMBOL_EXTENSIONS = YES;
				CLANG_ANALYZER_LOCALIZABILITY_NONLOCALIZED = YES;
				CLANG_ANALYZER_NONNULL = YES;
				CLANG_ANALYZER_NUMBER_OBJECT_CONVERSION = YES_AGGRESSIVE;
				CLANG_CXX_LANGUAGE_STANDARD = "gnu++20";
				CLANG_ENABLE_MODULES = YES;
				CLANG_ENABLE_OBJC_ARC = YES;
				CLANG_ENABLE_OBJC_WEAK = YES;
				CLANG_WARN_BLOCK_CAPTURE_AUTORELEASING = YES;
				CLANG_WARN_BOOL_CONVERSION = YES;
				CLANG_WARN_COMMA = YES;
				CLANG_WARN_CONSTANT_CONVERSION = YES;
				CLANG_WARN_DEPRECATED_OBJC_IMPLEMENTATIONS = YES;
				CLANG_WARN_DIRECT_OBJC_ISA_USAGE = YES_ERROR;
				CLANG_WARN_DOCUMENTATION_COMMENTS = YES;
				CLANG_WARN_EMPTY_BODY = YES;
				CLANG_WARN_ENUM_CONVERSION = YES;
				CLANG_WARN_INFINITE_RECURSION = YES;
				CLANG_WARN_INT_CONVERSION = YES;
				CLANG_WARN_NON_LITERAL_NULL_CONVERSION = YES;
				CLANG_WARN_OBJC_IMPLICIT_RETAIN_SELF = YES;
				CLANG_WARN_OBJC_LITERAL_CONVERSION = YES;
				CLANG_WARN_OBJC_ROOT_CLASS = YES_ERROR;
				CLANG_WARN_QUOTED_INCLUDE_IN_FRAMEWORK_HEADER = YES;
				CLANG_WARN_RANGE_LOOP_ANALYSIS = YES;
				CLANG_WARN_STRICT_PROTOTYPES = YES;
				CLANG_WARN_SUSPICIOUS_MOVE = YES;
				CLANG_WARN_UNGUARDED_AVAILABILITY = YES_AGGRESSIVE;
				CLANG_WARN_UNREACHABLE_CODE = YES;
				CLANG_WARN__DUPLICATE_METHOD_MATCH = YES;
				COPY_PHASE_STRIP = NO;
				DEBUG_INFORMATION_FORMAT = "dwarf-with-dsym";
				ENABLE_NS_ASSERTIONS = NO;
				ENABLE_STRICT_OBJC_MSGSEND = YES;
				ENABLE_USER_SCRIPT_SANDBOXING = YES;
				GCC_C_LANGUAGE_STANDARD = gnu17;
				GCC_NO_COMMON_BLOCKS = YES;
				GCC_WARN_64_TO_32_BIT_CONVERSION = YES;
				GCC_WARN_ABOUT_RETURN_TYPE = YES_ERROR;
				GCC_WARN_UNDECLARED_SELECTOR = YES;
				GCC_WARN_UNINITIALIZED_AUTOS = YES_AGGRESSIVE;
				GCC_WARN_UNUSED_FUNCTION = YES;
				GCC_WARN_UNUSED_VARIABLE = YES;
				LOCALIZATION_PREFERS_STRING_CATALOGS = YES;
				MTL_ENABLE_DEBUG_INFO = NO;
				MTL_FAST_MATH = YES;
				SWIFT_COMPILATION_MODE = wholemodule;
			};
			name = Release;
		};
		65EF68D02C17301100232A30 /* Debug */ = {
			isa = XCBuildConfiguration;
			buildSettings = {
				ALWAYS_EMBED_SWIFT_STANDARD_LIBRARIES = YES;
				ASSETCATALOG_COMPILER_APPICON_NAME = AppIcon;
				ASSETCATALOG_COMPILER_GLOBAL_ACCENT_COLOR_NAME = AccentColor;
				CODE_SIGN_ENTITLEMENTS = UltimatePortfolio/Configuration/UltimatePortfolio.entitlements;
				CODE_SIGN_IDENTITY = "Apple Development";
				CODE_SIGN_STYLE = Automatic;
				CURRENT_PROJECT_VERSION = 1;
				DEVELOPMENT_ASSET_PATHS = "\"UltimatePortfolio/Preview Content\"";
				DEVELOPMENT_TEAM = 9N39247EUQ;
				ENABLE_HARDENED_RUNTIME = YES;
				ENABLE_PREVIEWS = YES;
				ENABLE_USER_SCRIPT_SANDBOXING = NO;
				GENERATE_INFOPLIST_FILE = YES;
				INFOPLIST_FILE = UltimatePortfolio/Configuration/Info.plist;
				"INFOPLIST_KEY_UIApplicationSceneManifest_Generation[sdk=iphoneos*]" = YES;
				"INFOPLIST_KEY_UIApplicationSceneManifest_Generation[sdk=iphonesimulator*]" = YES;
				"INFOPLIST_KEY_UIApplicationSupportsIndirectInputEvents[sdk=iphoneos*]" = YES;
				"INFOPLIST_KEY_UIApplicationSupportsIndirectInputEvents[sdk=iphonesimulator*]" = YES;
				"INFOPLIST_KEY_UILaunchScreen_Generation[sdk=iphoneos*]" = YES;
				"INFOPLIST_KEY_UILaunchScreen_Generation[sdk=iphonesimulator*]" = YES;
				"INFOPLIST_KEY_UIStatusBarStyle[sdk=iphoneos*]" = UIStatusBarStyleDefault;
				"INFOPLIST_KEY_UIStatusBarStyle[sdk=iphonesimulator*]" = UIStatusBarStyleDefault;
				INFOPLIST_KEY_UISupportedInterfaceOrientations_iPad = "UIInterfaceOrientationPortrait UIInterfaceOrientationPortraitUpsideDown UIInterfaceOrientationLandscapeLeft UIInterfaceOrientationLandscapeRight";
				INFOPLIST_KEY_UISupportedInterfaceOrientations_iPhone = "UIInterfaceOrientationPortrait UIInterfaceOrientationLandscapeLeft UIInterfaceOrientationLandscapeRight";
				IPHONEOS_DEPLOYMENT_TARGET = 17.0;
				LD_RUNPATH_SEARCH_PATHS = "@executable_path/Frameworks";
				"LD_RUNPATH_SEARCH_PATHS[sdk=macosx*]" = "@executable_path/../Frameworks";
				MACOSX_DEPLOYMENT_TARGET = 14.4;
				MARKETING_VERSION = 1.0;
				PRODUCT_BUNDLE_IDENTIFIER = uk.co.ottid.UltimatePortfolio;
				PRODUCT_NAME = "$(TARGET_NAME)";
				PROVISIONING_PROFILE_SPECIFIER = "";
				SDKROOT = auto;
				SUPPORTED_PLATFORMS = "iphoneos iphonesimulator macosx";
				SWIFT_EMIT_LOC_STRINGS = YES;
				SWIFT_VERSION = 5.0;
				TARGETED_DEVICE_FAMILY = "1,2";
			};
			name = Debug;
		};
		65EF68D12C17301100232A30 /* Release */ = {
			isa = XCBuildConfiguration;
			buildSettings = {
				ALWAYS_EMBED_SWIFT_STANDARD_LIBRARIES = YES;
				ASSETCATALOG_COMPILER_APPICON_NAME = AppIcon;
				ASSETCATALOG_COMPILER_GLOBAL_ACCENT_COLOR_NAME = AccentColor;
				CODE_SIGN_ENTITLEMENTS = UltimatePortfolio/Configuration/UltimatePortfolio.entitlements;
				CODE_SIGN_IDENTITY = "Apple Development";
				CODE_SIGN_STYLE = Automatic;
				CURRENT_PROJECT_VERSION = 1;
				DEVELOPMENT_ASSET_PATHS = "\"UltimatePortfolio/Preview Content\"";
				DEVELOPMENT_TEAM = 9N39247EUQ;
				ENABLE_HARDENED_RUNTIME = YES;
				ENABLE_PREVIEWS = YES;
				ENABLE_USER_SCRIPT_SANDBOXING = NO;
				GENERATE_INFOPLIST_FILE = YES;
				INFOPLIST_FILE = UltimatePortfolio/Configuration/Info.plist;
				"INFOPLIST_KEY_UIApplicationSceneManifest_Generation[sdk=iphoneos*]" = YES;
				"INFOPLIST_KEY_UIApplicationSceneManifest_Generation[sdk=iphonesimulator*]" = YES;
				"INFOPLIST_KEY_UIApplicationSupportsIndirectInputEvents[sdk=iphoneos*]" = YES;
				"INFOPLIST_KEY_UIApplicationSupportsIndirectInputEvents[sdk=iphonesimulator*]" = YES;
				"INFOPLIST_KEY_UILaunchScreen_Generation[sdk=iphoneos*]" = YES;
				"INFOPLIST_KEY_UILaunchScreen_Generation[sdk=iphonesimulator*]" = YES;
				"INFOPLIST_KEY_UIStatusBarStyle[sdk=iphoneos*]" = UIStatusBarStyleDefault;
				"INFOPLIST_KEY_UIStatusBarStyle[sdk=iphonesimulator*]" = UIStatusBarStyleDefault;
				INFOPLIST_KEY_UISupportedInterfaceOrientations_iPad = "UIInterfaceOrientationPortrait UIInterfaceOrientationPortraitUpsideDown UIInterfaceOrientationLandscapeLeft UIInterfaceOrientationLandscapeRight";
				INFOPLIST_KEY_UISupportedInterfaceOrientations_iPhone = "UIInterfaceOrientationPortrait UIInterfaceOrientationLandscapeLeft UIInterfaceOrientationLandscapeRight";
				IPHONEOS_DEPLOYMENT_TARGET = 17.0;
				LD_RUNPATH_SEARCH_PATHS = "@executable_path/Frameworks";
				"LD_RUNPATH_SEARCH_PATHS[sdk=macosx*]" = "@executable_path/../Frameworks";
				MACOSX_DEPLOYMENT_TARGET = 14.4;
				MARKETING_VERSION = 1.0;
				PRODUCT_BUNDLE_IDENTIFIER = uk.co.ottid.UltimatePortfolio;
				PRODUCT_NAME = "$(TARGET_NAME)";
				PROVISIONING_PROFILE_SPECIFIER = "";
				SDKROOT = auto;
				SUPPORTED_PLATFORMS = "iphoneos iphonesimulator macosx";
				SWIFT_EMIT_LOC_STRINGS = YES;
				SWIFT_VERSION = 5.0;
				TARGETED_DEVICE_FAMILY = "1,2";
			};
			name = Release;
		};
/* End XCBuildConfiguration section */

/* Begin XCConfigurationList section */
		656ACD812C4EE3080072D9B1 /* Build configuration list for PBXNativeTarget "UltimatePortfolioWidgetMacExtension" */ = {
			isa = XCConfigurationList;
			buildConfigurations = (
				656ACD822C4EE3080072D9B1 /* Debug */,
				656ACD832C4EE3080072D9B1 /* Release */,
			);
			defaultConfigurationIsVisible = 0;
			defaultConfigurationName = Release;
		};
		65A344C72C4D115F00E52D8D /* Build configuration list for PBXNativeTarget "UltimatePortfolioWidgetExtension" */ = {
			isa = XCConfigurationList;
			buildConfigurations = (
				65A344C82C4D115F00E52D8D /* Debug */,
				65A344C92C4D115F00E52D8D /* Release */,
			);
			defaultConfigurationIsVisible = 0;
			defaultConfigurationName = Release;
		};
		65B8F36C2C372EA600E28252 /* Build configuration list for PBXNativeTarget "UltimatePortfolioTests" */ = {
			isa = XCConfigurationList;
			buildConfigurations = (
				65B8F36D2C372EA600E28252 /* Debug */,
				65B8F36E2C372EA600E28252 /* Release */,
			);
			defaultConfigurationIsVisible = 0;
			defaultConfigurationName = Release;
		};
		65B8F38C2C3B06FA00E28252 /* Build configuration list for PBXNativeTarget "UltimatePortfolioUITests" */ = {
			isa = XCConfigurationList;
			buildConfigurations = (
				65B8F38D2C3B06FA00E28252 /* Debug */,
				65B8F38E2C3B06FA00E28252 /* Release */,
			);
			defaultConfigurationIsVisible = 0;
			defaultConfigurationName = Release;
		};
		65C4AE612C4F03FE0014FB1C /* Build configuration list for PBXNativeTarget "UltimatePortfolioWatch Watch App" */ = {
			isa = XCConfigurationList;
			buildConfigurations = (
				65C4AE5F2C4F03FE0014FB1C /* Debug */,
				65C4AE602C4F03FE0014FB1C /* Release */,
			);
			defaultConfigurationIsVisible = 0;
			defaultConfigurationName = Release;
		};
		65EF68BB2C17301000232A30 /* Build configuration list for PBXProject "UltimatePortfolio" */ = {
			isa = XCConfigurationList;
			buildConfigurations = (
				65EF68CD2C17301100232A30 /* Debug */,
				65EF68CE2C17301100232A30 /* Release */,
			);
			defaultConfigurationIsVisible = 0;
			defaultConfigurationName = Release;
		};
		65EF68CF2C17301100232A30 /* Build configuration list for PBXNativeTarget "UltimatePortfolio" */ = {
			isa = XCConfigurationList;
			buildConfigurations = (
				65EF68D02C17301100232A30 /* Debug */,
				65EF68D12C17301100232A30 /* Release */,
			);
			defaultConfigurationIsVisible = 0;
			defaultConfigurationName = Release;
		};
/* End XCConfigurationList section */

/* Begin XCVersionGroup section */
		65EF68D22C173D5B00232A30 /* Main.xcdatamodeld */ = {
			isa = XCVersionGroup;
			children = (
				65EF68D32C173D5B00232A30 /* Main.xcdatamodel */,
			);
			currentVersion = 65EF68D32C173D5B00232A30 /* Main.xcdatamodel */;
			path = Main.xcdatamodeld;
			sourceTree = "<group>";
			versionGroupType = wrapper.xcdatamodel;
		};
/* End XCVersionGroup section */
	};
	rootObject = 65EF68B82C17301000232A30 /* Project object */;
}
