// !$*UTF8*$!
{
	archiveVersion = 1;
	classes = {
	};
	objectVersion = 56;
	objects = {

/* Begin PBXBuildFile section */
		654250D12C2092B300E74974 /* IssueView.swift in Sources */ = {isa = PBXBuildFile; fileRef = 654250D02C2092B300E74974 /* IssueView.swift */; };
		654250D32C2092B900E74974 /* NoIssueView.swift in Sources */ = {isa = PBXBuildFile; fileRef = 654250D22C2092B900E74974 /* NoIssueView.swift */; };
		654250D52C2CA32800E74974 /* Bundle-Decodable.swift in Sources */ = {isa = PBXBuildFile; fileRef = 654250D42C2CA32800E74974 /* Bundle-Decodable.swift */; };
		654250D92C2CA75700E74974 /* Colors.xcassets in Resources */ = {isa = PBXBuildFile; fileRef = 654250D72C2CA75700E74974 /* Colors.xcassets */; };
		654250DB2C2CA7EC00E74974 /* Award.swift in Sources */ = {isa = PBXBuildFile; fileRef = 654250DA2C2CA7EC00E74974 /* Award.swift */; };
		654250DD2C2CA89700E74974 /* AwardsView.swift in Sources */ = {isa = PBXBuildFile; fileRef = 654250DC2C2CA89700E74974 /* AwardsView.swift */; };
		656099472C18CE47009A98C6 /* Issue-CoreDataHelpers.swift in Sources */ = {isa = PBXBuildFile; fileRef = 656099462C18CE47009A98C6 /* Issue-CoreDataHelpers.swift */; };
		656099492C1B8B77009A98C6 /* Tag-CoreDataHelpers.swift in Sources */ = {isa = PBXBuildFile; fileRef = 656099482C1B8B77009A98C6 /* Tag-CoreDataHelpers.swift */; };
		6560994B2C1B94A4009A98C6 /* IssueRow.swift in Sources */ = {isa = PBXBuildFile; fileRef = 6560994A2C1B94A4009A98C6 /* IssueRow.swift */; };
		659495CC2C3301FB00B31BDA /* Localizable.strings in Resources */ = {isa = PBXBuildFile; fileRef = 659495CA2C3301FB00B31BDA /* Localizable.strings */; };
		659495CF2C33064A00B31BDA /* Localizable.stringsdict in Resources */ = {isa = PBXBuildFile; fileRef = 659495CD2C33064A00B31BDA /* Localizable.stringsdict */; };
		659495D42C330FBF00B31BDA /* Awards.json in Resources */ = {isa = PBXBuildFile; fileRef = 659495D32C330FBF00B31BDA /* Awards.json */; };
		659495D72C33120F00B31BDA /* SidebarViewToolbar.swift in Sources */ = {isa = PBXBuildFile; fileRef = 659495D62C33120F00B31BDA /* SidebarViewToolbar.swift */; };
		659495D92C33137A00B31BDA /* IssueViewToolbar.swift in Sources */ = {isa = PBXBuildFile; fileRef = 659495D82C33137A00B31BDA /* IssueViewToolbar.swift */; };
		659495DB2C33140100B31BDA /* ContentViewToolbar.swift in Sources */ = {isa = PBXBuildFile; fileRef = 659495DA2C33140100B31BDA /* ContentViewToolbar.swift */; };
		659495DD2C33156700B31BDA /* TagsMenuView.swift in Sources */ = {isa = PBXBuildFile; fileRef = 659495DC2C33156700B31BDA /* TagsMenuView.swift */; };
		659495DF2C33164C00B31BDA /* SmartFilterRow.swift in Sources */ = {isa = PBXBuildFile; fileRef = 659495DE2C33164C00B31BDA /* SmartFilterRow.swift */; };
		659495E12C3316AE00B31BDA /* UserFilterRow.swift in Sources */ = {isa = PBXBuildFile; fileRef = 659495E02C3316AE00B31BDA /* UserFilterRow.swift */; };
		65B8F3692C372EA600E28252 /* UltimatePortfolioTests.swift in Sources */ = {isa = PBXBuildFile; fileRef = 65B8F3682C372EA600E28252 /* UltimatePortfolioTests.swift */; };
		65B8F3702C38447100E28252 /* AssetTests.swift in Sources */ = {isa = PBXBuildFile; fileRef = 65B8F36F2C38447100E28252 /* AssetTests.swift */; };
		65B8F3722C38758700E28252 /* TagTests.swift in Sources */ = {isa = PBXBuildFile; fileRef = 65B8F3712C38758700E28252 /* TagTests.swift */; };
		65B8F3742C39CD4300E28252 /* AwardTests.swift in Sources */ = {isa = PBXBuildFile; fileRef = 65B8F3732C39CD4300E28252 /* AwardTests.swift */; };
		65DD7BBD2C179597002631FC /* SidebarView.swift in Sources */ = {isa = PBXBuildFile; fileRef = 65DD7BBC2C179597002631FC /* SidebarView.swift */; };
		65DD7BBF2C17959F002631FC /* DetailView.swift in Sources */ = {isa = PBXBuildFile; fileRef = 65DD7BBE2C17959F002631FC /* DetailView.swift */; };
		65DD7BC12C1797FC002631FC /* Filter.swift in Sources */ = {isa = PBXBuildFile; fileRef = 65DD7BC02C1797FC002631FC /* Filter.swift */; };
		65EF68C42C17301000232A30 /* UltimatePortfolioApp.swift in Sources */ = {isa = PBXBuildFile; fileRef = 65EF68C32C17301000232A30 /* UltimatePortfolioApp.swift */; };
		65EF68C62C17301000232A30 /* ContentView.swift in Sources */ = {isa = PBXBuildFile; fileRef = 65EF68C52C17301000232A30 /* ContentView.swift */; };
		65EF68C82C17301100232A30 /* Assets.xcassets in Resources */ = {isa = PBXBuildFile; fileRef = 65EF68C72C17301100232A30 /* Assets.xcassets */; };
		65EF68CC2C17301100232A30 /* Preview Assets.xcassets in Resources */ = {isa = PBXBuildFile; fileRef = 65EF68CB2C17301100232A30 /* Preview Assets.xcassets */; };
		65EF68D42C173D5B00232A30 /* Main.xcdatamodeld in Sources */ = {isa = PBXBuildFile; fileRef = 65EF68D22C173D5B00232A30 /* Main.xcdatamodeld */; };
		65EF68D62C17491B00232A30 /* DataController.swift in Sources */ = {isa = PBXBuildFile; fileRef = 65EF68D52C17491B00232A30 /* DataController.swift */; };
/* End PBXBuildFile section */

/* Begin PBXContainerItemProxy section */
		65B8F36A2C372EA600E28252 /* PBXContainerItemProxy */ = {
			isa = PBXContainerItemProxy;
			containerPortal = 65EF68B82C17301000232A30 /* Project object */;
			proxyType = 1;
			remoteGlobalIDString = 65EF68BF2C17301000232A30;
			remoteInfo = UltimatePortfolio;
		};
/* End PBXContainerItemProxy section */

/* Begin PBXFileReference section */
		654250D02C2092B300E74974 /* IssueView.swift */ = {isa = PBXFileReference; lastKnownFileType = sourcecode.swift; path = IssueView.swift; sourceTree = "<group>"; };
		654250D22C2092B900E74974 /* NoIssueView.swift */ = {isa = PBXFileReference; lastKnownFileType = sourcecode.swift; path = NoIssueView.swift; sourceTree = "<group>"; };
		654250D42C2CA32800E74974 /* Bundle-Decodable.swift */ = {isa = PBXFileReference; lastKnownFileType = sourcecode.swift; path = "Bundle-Decodable.swift"; sourceTree = "<group>"; };
		654250D72C2CA75700E74974 /* Colors.xcassets */ = {isa = PBXFileReference; lastKnownFileType = folder.assetcatalog; path = Colors.xcassets; sourceTree = "<group>"; };
		654250DA2C2CA7EC00E74974 /* Award.swift */ = {isa = PBXFileReference; lastKnownFileType = sourcecode.swift; path = Award.swift; sourceTree = "<group>"; };
		654250DC2C2CA89700E74974 /* AwardsView.swift */ = {isa = PBXFileReference; lastKnownFileType = sourcecode.swift; path = AwardsView.swift; sourceTree = "<group>"; };
		656099462C18CE47009A98C6 /* Issue-CoreDataHelpers.swift */ = {isa = PBXFileReference; lastKnownFileType = sourcecode.swift; path = "Issue-CoreDataHelpers.swift"; sourceTree = "<group>"; };
		656099482C1B8B77009A98C6 /* Tag-CoreDataHelpers.swift */ = {isa = PBXFileReference; lastKnownFileType = sourcecode.swift; path = "Tag-CoreDataHelpers.swift"; sourceTree = "<group>"; };
		6560994A2C1B94A4009A98C6 /* IssueRow.swift */ = {isa = PBXFileReference; lastKnownFileType = sourcecode.swift; path = IssueRow.swift; sourceTree = "<group>"; };
		659495CB2C3301FB00B31BDA /* en */ = {isa = PBXFileReference; lastKnownFileType = text.plist.strings; name = en; path = en.lproj/Localizable.strings; sourceTree = "<group>"; };
		659495CE2C33064A00B31BDA /* en */ = {isa = PBXFileReference; lastKnownFileType = text.plist.stringsdict; name = en; path = en.lproj/Localizable.stringsdict; sourceTree = "<group>"; };
		659495D02C330C2E00B31BDA /* hu */ = {isa = PBXFileReference; lastKnownFileType = text.plist.strings; name = hu; path = hu.lproj/Localizable.strings; sourceTree = "<group>"; };
		659495D12C330C2E00B31BDA /* hu */ = {isa = PBXFileReference; lastKnownFileType = text.plist.stringsdict; name = hu; path = hu.lproj/Localizable.stringsdict; sourceTree = "<group>"; };
		659495D22C330FBF00B31BDA /* en */ = {isa = PBXFileReference; lastKnownFileType = text.json; name = en; path = en.lproj/Awards.json; sourceTree = "<group>"; };
		659495D52C330FF100B31BDA /* hu */ = {isa = PBXFileReference; lastKnownFileType = text.json; name = hu; path = hu.lproj/Awards.json; sourceTree = "<group>"; };
		659495D62C33120F00B31BDA /* SidebarViewToolbar.swift */ = {isa = PBXFileReference; lastKnownFileType = sourcecode.swift; path = SidebarViewToolbar.swift; sourceTree = "<group>"; };
		659495D82C33137A00B31BDA /* IssueViewToolbar.swift */ = {isa = PBXFileReference; lastKnownFileType = sourcecode.swift; path = IssueViewToolbar.swift; sourceTree = "<group>"; };
		659495DA2C33140100B31BDA /* ContentViewToolbar.swift */ = {isa = PBXFileReference; lastKnownFileType = sourcecode.swift; path = ContentViewToolbar.swift; sourceTree = "<group>"; };
		659495DC2C33156700B31BDA /* TagsMenuView.swift */ = {isa = PBXFileReference; lastKnownFileType = sourcecode.swift; path = TagsMenuView.swift; sourceTree = "<group>"; };
		659495DE2C33164C00B31BDA /* SmartFilterRow.swift */ = {isa = PBXFileReference; lastKnownFileType = sourcecode.swift; path = SmartFilterRow.swift; sourceTree = "<group>"; };
		659495E02C3316AE00B31BDA /* UserFilterRow.swift */ = {isa = PBXFileReference; lastKnownFileType = sourcecode.swift; path = UserFilterRow.swift; sourceTree = "<group>"; };
		65B8F3662C372EA600E28252 /* UltimatePortfolioTests.xctest */ = {isa = PBXFileReference; explicitFileType = wrapper.cfbundle; includeInIndex = 0; path = UltimatePortfolioTests.xctest; sourceTree = BUILT_PRODUCTS_DIR; };
		65B8F3682C372EA600E28252 /* UltimatePortfolioTests.swift */ = {isa = PBXFileReference; lastKnownFileType = sourcecode.swift; path = UltimatePortfolioTests.swift; sourceTree = "<group>"; };
		65B8F36F2C38447100E28252 /* AssetTests.swift */ = {isa = PBXFileReference; lastKnownFileType = sourcecode.swift; path = AssetTests.swift; sourceTree = "<group>"; };
		65B8F3712C38758700E28252 /* TagTests.swift */ = {isa = PBXFileReference; lastKnownFileType = sourcecode.swift; path = TagTests.swift; sourceTree = "<group>"; };
		65B8F3732C39CD4300E28252 /* AwardTests.swift */ = {isa = PBXFileReference; lastKnownFileType = sourcecode.swift; path = AwardTests.swift; sourceTree = "<group>"; };
		65DD7BBC2C179597002631FC /* SidebarView.swift */ = {isa = PBXFileReference; lastKnownFileType = sourcecode.swift; path = SidebarView.swift; sourceTree = "<group>"; };
		65DD7BBE2C17959F002631FC /* DetailView.swift */ = {isa = PBXFileReference; lastKnownFileType = sourcecode.swift; path = DetailView.swift; sourceTree = "<group>"; };
		65DD7BC02C1797FC002631FC /* Filter.swift */ = {isa = PBXFileReference; lastKnownFileType = sourcecode.swift; path = Filter.swift; sourceTree = "<group>"; };
		65EF68C02C17301000232A30 /* UltimatePortfolio.app */ = {isa = PBXFileReference; explicitFileType = wrapper.application; includeInIndex = 0; path = UltimatePortfolio.app; sourceTree = BUILT_PRODUCTS_DIR; };
		65EF68C32C17301000232A30 /* UltimatePortfolioApp.swift */ = {isa = PBXFileReference; lastKnownFileType = sourcecode.swift; path = UltimatePortfolioApp.swift; sourceTree = "<group>"; };
		65EF68C52C17301000232A30 /* ContentView.swift */ = {isa = PBXFileReference; lastKnownFileType = sourcecode.swift; path = ContentView.swift; sourceTree = "<group>"; };
		65EF68C72C17301100232A30 /* Assets.xcassets */ = {isa = PBXFileReference; lastKnownFileType = folder.assetcatalog; path = Assets.xcassets; sourceTree = "<group>"; };
		65EF68C92C17301100232A30 /* UltimatePortfolio.entitlements */ = {isa = PBXFileReference; lastKnownFileType = text.plist.entitlements; path = UltimatePortfolio.entitlements; sourceTree = "<group>"; };
		65EF68CB2C17301100232A30 /* Preview Assets.xcassets */ = {isa = PBXFileReference; lastKnownFileType = folder.assetcatalog; path = "Preview Assets.xcassets"; sourceTree = "<group>"; };
		65EF68D32C173D5B00232A30 /* Main.xcdatamodel */ = {isa = PBXFileReference; lastKnownFileType = wrapper.xcdatamodel; path = Main.xcdatamodel; sourceTree = "<group>"; };
		65EF68D52C17491B00232A30 /* DataController.swift */ = {isa = PBXFileReference; lastKnownFileType = sourcecode.swift; path = DataController.swift; sourceTree = "<group>"; };
		65EF68D72C17527800232A30 /* Info.plist */ = {isa = PBXFileReference; lastKnownFileType = text.plist.xml; path = Info.plist; sourceTree = "<group>"; };
/* End PBXFileReference section */

/* Begin PBXFrameworksBuildPhase section */
		65B8F3632C372EA600E28252 /* Frameworks */ = {
			isa = PBXFrameworksBuildPhase;
			buildActionMask = 2147483647;
			files = (
			);
			runOnlyForDeploymentPostprocessing = 0;
		};
		65EF68BD2C17301000232A30 /* Frameworks */ = {
			isa = PBXFrameworksBuildPhase;
			buildActionMask = 2147483647;
			files = (
			);
			runOnlyForDeploymentPostprocessing = 0;
		};
/* End PBXFrameworksBuildPhase section */

/* Begin PBXGroup section */
		65B8F35A2C349CDA00E28252 /* Filters */ = {
			isa = PBXGroup;
			children = (
				65DD7BC02C1797FC002631FC /* Filter.swift */,
				65DD7BBC2C179597002631FC /* SidebarView.swift */,
				659495D62C33120F00B31BDA /* SidebarViewToolbar.swift */,
				659495DE2C33164C00B31BDA /* SmartFilterRow.swift */,
				659495E02C3316AE00B31BDA /* UserFilterRow.swift */,
			);
			path = Filters;
			sourceTree = "<group>";
		};
		65B8F35B2C349CE200E28252 /* Issues */ = {
			isa = PBXGroup;
			children = (
				65EF68C52C17301000232A30 /* ContentView.swift */,
				659495DA2C33140100B31BDA /* ContentViewToolbar.swift */,
				6560994A2C1B94A4009A98C6 /* IssueRow.swift */,
			);
			path = Issues;
			sourceTree = "<group>";
		};
		65B8F35C2C349CE700E28252 /* Editing */ = {
			isa = PBXGroup;
			children = (
				65DD7BBE2C17959F002631FC /* DetailView.swift */,
				654250D02C2092B300E74974 /* IssueView.swift */,
				659495D82C33137A00B31BDA /* IssueViewToolbar.swift */,
				654250D22C2092B900E74974 /* NoIssueView.swift */,
				659495DC2C33156700B31BDA /* TagsMenuView.swift */,
			);
			path = Editing;
			sourceTree = "<group>";
		};
		65B8F35D2C349CEE00E28252 /* Awards */ = {
			isa = PBXGroup;
			children = (
				654250DC2C2CA89700E74974 /* AwardsView.swift */,
				654250DA2C2CA7EC00E74974 /* Award.swift */,
				659495D32C330FBF00B31BDA /* Awards.json */,
			);
			path = Awards;
			sourceTree = "<group>";
		};
		65B8F35E2C349DA800E28252 /* Extensions */ = {
			isa = PBXGroup;
			children = (
				654250D42C2CA32800E74974 /* Bundle-Decodable.swift */,
				656099462C18CE47009A98C6 /* Issue-CoreDataHelpers.swift */,
				656099482C1B8B77009A98C6 /* Tag-CoreDataHelpers.swift */,
			);
			path = Extensions;
			sourceTree = "<group>";
		};
		65B8F3602C349DDA00E28252 /* Localization */ = {
			isa = PBXGroup;
			children = (
				659495CA2C3301FB00B31BDA /* Localizable.strings */,
				659495CD2C33064A00B31BDA /* Localizable.stringsdict */,
			);
			path = Localization;
			sourceTree = "<group>";
		};
		65B8F3612C349DE900E28252 /* Configuration */ = {
			isa = PBXGroup;
			children = (
				65EF68D72C17527800232A30 /* Info.plist */,
				65EF68D22C173D5B00232A30 /* Main.xcdatamodeld */,
				65EF68C92C17301100232A30 /* UltimatePortfolio.entitlements */,
			);
			path = Configuration;
			sourceTree = "<group>";
		};
		65B8F3672C372EA600E28252 /* UltimatePortfolioTests */ = {
			isa = PBXGroup;
			children = (
				65B8F3682C372EA600E28252 /* UltimatePortfolioTests.swift */,
				65B8F36F2C38447100E28252 /* AssetTests.swift */,
				65B8F3712C38758700E28252 /* TagTests.swift */,
				65B8F3732C39CD4300E28252 /* AwardTests.swift */,
			);
			path = UltimatePortfolioTests;
			sourceTree = "<group>";
		};
		65EF68B72C17301000232A30 = {
			isa = PBXGroup;
			children = (
				65EF68C22C17301000232A30 /* UltimatePortfolio */,
				65B8F3672C372EA600E28252 /* UltimatePortfolioTests */,
				65EF68C12C17301000232A30 /* Products */,
			);
			sourceTree = "<group>";
		};
		65EF68C12C17301000232A30 /* Products */ = {
			isa = PBXGroup;
			children = (
				65EF68C02C17301000232A30 /* UltimatePortfolio.app */,
				65B8F3662C372EA600E28252 /* UltimatePortfolioTests.xctest */,
			);
			name = Products;
			sourceTree = "<group>";
		};
		65EF68C22C17301000232A30 /* UltimatePortfolio */ = {
			isa = PBXGroup;
			children = (
				65B8F35A2C349CDA00E28252 /* Filters */,
				65B8F35B2C349CE200E28252 /* Issues */,
				65B8F35C2C349CE700E28252 /* Editing */,
				65B8F35D2C349CEE00E28252 /* Awards */,
				65B8F35E2C349DA800E28252 /* Extensions */,
				65B8F3602C349DDA00E28252 /* Localization */,
				65B8F3612C349DE900E28252 /* Configuration */,
				65EF68C32C17301000232A30 /* UltimatePortfolioApp.swift */,
				65EF68D52C17491B00232A30 /* DataController.swift */,
				654250D72C2CA75700E74974 /* Colors.xcassets */,
				65EF68C72C17301100232A30 /* Assets.xcassets */,
				65EF68CA2C17301100232A30 /* Preview Content */,
			);
			path = UltimatePortfolio;
			sourceTree = "<group>";
		};
		65EF68CA2C17301100232A30 /* Preview Content */ = {
			isa = PBXGroup;
			children = (
				65EF68CB2C17301100232A30 /* Preview Assets.xcassets */,
			);
			path = "Preview Content";
			sourceTree = "<group>";
		};
/* End PBXGroup section */

/* Begin PBXNativeTarget section */
		65B8F3652C372EA600E28252 /* UltimatePortfolioTests */ = {
			isa = PBXNativeTarget;
			buildConfigurationList = 65B8F36C2C372EA600E28252 /* Build configuration list for PBXNativeTarget "UltimatePortfolioTests" */;
			buildPhases = (
				65B8F3622C372EA600E28252 /* Sources */,
				65B8F3632C372EA600E28252 /* Frameworks */,
				65B8F3642C372EA600E28252 /* Resources */,
			);
			buildRules = (
			);
			dependencies = (
				65B8F36B2C372EA600E28252 /* PBXTargetDependency */,
			);
			name = UltimatePortfolioTests;
			productName = UltimatePortfolioTests;
			productReference = 65B8F3662C372EA600E28252 /* UltimatePortfolioTests.xctest */;
			productType = "com.apple.product-type.bundle.unit-test";
		};
		65EF68BF2C17301000232A30 /* UltimatePortfolio */ = {
			isa = PBXNativeTarget;
			buildConfigurationList = 65EF68CF2C17301100232A30 /* Build configuration list for PBXNativeTarget "UltimatePortfolio" */;
			buildPhases = (
				65EF68BC2C17301000232A30 /* Sources */,
				65EF68BD2C17301000232A30 /* Frameworks */,
				65EF68BE2C17301000232A30 /* Resources */,
				659495E22C334FCD00B31BDA /* SwiftLint */,
			);
			buildRules = (
			);
			dependencies = (
			);
			name = UltimatePortfolio;
			productName = UltimatePortfolio;
			productReference = 65EF68C02C17301000232A30 /* UltimatePortfolio.app */;
			productType = "com.apple.product-type.application";
		};
/* End PBXNativeTarget section */

/* Begin PBXProject section */
		65EF68B82C17301000232A30 /* Project object */ = {
			isa = PBXProject;
			attributes = {
				BuildIndependentTargetsInParallel = 1;
				LastSwiftUpdateCheck = 1540;
				LastUpgradeCheck = 1540;
				TargetAttributes = {
					65B8F3652C372EA600E28252 = {
						CreatedOnToolsVersion = 15.4;
						TestTargetID = 65EF68BF2C17301000232A30;
					};
					65EF68BF2C17301000232A30 = {
						CreatedOnToolsVersion = 15.4;
					};
				};
			};
			buildConfigurationList = 65EF68BB2C17301000232A30 /* Build configuration list for PBXProject "UltimatePortfolio" */;
			compatibilityVersion = "Xcode 14.0";
			developmentRegion = en;
			hasScannedForEncodings = 0;
			knownRegions = (
				en,
				Base,
				hu,
			);
			mainGroup = 65EF68B72C17301000232A30;
			productRefGroup = 65EF68C12C17301000232A30 /* Products */;
			projectDirPath = "";
			projectRoot = "";
			targets = (
				65EF68BF2C17301000232A30 /* UltimatePortfolio */,
				65B8F3652C372EA600E28252 /* UltimatePortfolioTests */,
			);
		};
/* End PBXProject section */

/* Begin PBXResourcesBuildPhase section */
		65B8F3642C372EA600E28252 /* Resources */ = {
			isa = PBXResourcesBuildPhase;
			buildActionMask = 2147483647;
			files = (
			);
			runOnlyForDeploymentPostprocessing = 0;
		};
		65EF68BE2C17301000232A30 /* Resources */ = {
			isa = PBXResourcesBuildPhase;
			buildActionMask = 2147483647;
			files = (
				659495CC2C3301FB00B31BDA /* Localizable.strings in Resources */,
				65EF68CC2C17301100232A30 /* Preview Assets.xcassets in Resources */,
				654250D92C2CA75700E74974 /* Colors.xcassets in Resources */,
				659495D42C330FBF00B31BDA /* Awards.json in Resources */,
				65EF68C82C17301100232A30 /* Assets.xcassets in Resources */,
				659495CF2C33064A00B31BDA /* Localizable.stringsdict in Resources */,
			);
			runOnlyForDeploymentPostprocessing = 0;
		};
/* End PBXResourcesBuildPhase section */

/* Begin PBXShellScriptBuildPhase section */
		659495E22C334FCD00B31BDA /* SwiftLint */ = {
			isa = PBXShellScriptBuildPhase;
			alwaysOutOfDate = 1;
			buildActionMask = 2147483647;
			files = (
			);
			inputFileListPaths = (
			);
			inputPaths = (
			);
			name = SwiftLint;
			outputFileListPaths = (
			);
			outputPaths = (
			);
			runOnlyForDeploymentPostprocessing = 0;
			shellPath = /bin/sh;
			shellScript = "if [[ \"$(uname -m)\" == arm64 ]]\nthen\n    export PATH=\"/opt/homebrew/bin:$PATH\"\nfi\n\nif command -v swiftlint >/dev/null 2>&1\nthen\n    swiftlint\nelse\n    echo \"warning: `swiftlint` command not found - See https://github.com/realm/SwiftLint#installation for installation instructions.\"\nfi\n";
		};
/* End PBXShellScriptBuildPhase section */

/* Begin PBXSourcesBuildPhase section */
		65B8F3622C372EA600E28252 /* Sources */ = {
			isa = PBXSourcesBuildPhase;
			buildActionMask = 2147483647;
			files = (
				65B8F3702C38447100E28252 /* AssetTests.swift in Sources */,
				65B8F3742C39CD4300E28252 /* AwardTests.swift in Sources */,
				65B8F3722C38758700E28252 /* TagTests.swift in Sources */,
				65B8F3692C372EA600E28252 /* UltimatePortfolioTests.swift in Sources */,
			);
			runOnlyForDeploymentPostprocessing = 0;
		};
		65EF68BC2C17301000232A30 /* Sources */ = {
			isa = PBXSourcesBuildPhase;
			buildActionMask = 2147483647;
			files = (
				65DD7BC12C1797FC002631FC /* Filter.swift in Sources */,
				659495DD2C33156700B31BDA /* TagsMenuView.swift in Sources */,
				654250DB2C2CA7EC00E74974 /* Award.swift in Sources */,
				659495D92C33137A00B31BDA /* IssueViewToolbar.swift in Sources */,
				659495DF2C33164C00B31BDA /* SmartFilterRow.swift in Sources */,
				654250DD2C2CA89700E74974 /* AwardsView.swift in Sources */,
				656099492C1B8B77009A98C6 /* Tag-CoreDataHelpers.swift in Sources */,
				65EF68D42C173D5B00232A30 /* Main.xcdatamodeld in Sources */,
				656099472C18CE47009A98C6 /* Issue-CoreDataHelpers.swift in Sources */,
				654250D52C2CA32800E74974 /* Bundle-Decodable.swift in Sources */,
				65DD7BBF2C17959F002631FC /* DetailView.swift in Sources */,
				65EF68D62C17491B00232A30 /* DataController.swift in Sources */,
				659495DB2C33140100B31BDA /* ContentViewToolbar.swift in Sources */,
				65DD7BBD2C179597002631FC /* SidebarView.swift in Sources */,
				65EF68C62C17301000232A30 /* ContentView.swift in Sources */,
				659495D72C33120F00B31BDA /* SidebarViewToolbar.swift in Sources */,
				654250D12C2092B300E74974 /* IssueView.swift in Sources */,
				659495E12C3316AE00B31BDA /* UserFilterRow.swift in Sources */,
				654250D32C2092B900E74974 /* NoIssueView.swift in Sources */,
				6560994B2C1B94A4009A98C6 /* IssueRow.swift in Sources */,
				65EF68C42C17301000232A30 /* UltimatePortfolioApp.swift in Sources */,
			);
			runOnlyForDeploymentPostprocessing = 0;
		};
/* End PBXSourcesBuildPhase section */

/* Begin PBXTargetDependency section */
		65B8F36B2C372EA600E28252 /* PBXTargetDependency */ = {
			isa = PBXTargetDependency;
			target = 65EF68BF2C17301000232A30 /* UltimatePortfolio */;
			targetProxy = 65B8F36A2C372EA600E28252 /* PBXContainerItemProxy */;
		};
/* End PBXTargetDependency section */

/* Begin PBXVariantGroup section */
		659495CA2C3301FB00B31BDA /* Localizable.strings */ = {
			isa = PBXVariantGroup;
			children = (
				659495CB2C3301FB00B31BDA /* en */,
				659495D02C330C2E00B31BDA /* hu */,
			);
			name = Localizable.strings;
			sourceTree = "<group>";
		};
		659495CD2C33064A00B31BDA /* Localizable.stringsdict */ = {
			isa = PBXVariantGroup;
			children = (
				659495CE2C33064A00B31BDA /* en */,
				659495D12C330C2E00B31BDA /* hu */,
			);
			name = Localizable.stringsdict;
			sourceTree = "<group>";
		};
		659495D32C330FBF00B31BDA /* Awards.json */ = {
			isa = PBXVariantGroup;
			children = (
				659495D22C330FBF00B31BDA /* en */,
				659495D52C330FF100B31BDA /* hu */,
			);
			name = Awards.json;
			sourceTree = "<group>";
		};
/* End PBXVariantGroup section */

/* Begin XCBuildConfiguration section */
		65B8F36D2C372EA600E28252 /* Debug */ = {
			isa = XCBuildConfiguration;
			buildSettings = {
				BUNDLE_LOADER = "$(TEST_HOST)";
				CODE_SIGN_STYLE = Automatic;
				CURRENT_PROJECT_VERSION = 1;
				DEVELOPMENT_TEAM = 9N39247EUQ;
				GENERATE_INFOPLIST_FILE = YES;
				IPHONEOS_DEPLOYMENT_TARGET = 17.5;
				MARKETING_VERSION = 1.0;
				PRODUCT_BUNDLE_IDENTIFIER = co.uk.ottid.UltimatePortfolioTests;
				PRODUCT_NAME = "$(TARGET_NAME)";
				SDKROOT = iphoneos;
				SWIFT_EMIT_LOC_STRINGS = NO;
				SWIFT_VERSION = 5.0;
				TARGETED_DEVICE_FAMILY = "1,2";
				TEST_HOST = "$(BUILT_PRODUCTS_DIR)/UltimatePortfolio.app/$(BUNDLE_EXECUTABLE_FOLDER_PATH)/UltimatePortfolio";
			};
			name = Debug;
		};
		65B8F36E2C372EA600E28252 /* Release */ = {
			isa = XCBuildConfiguration;
			buildSettings = {
				BUNDLE_LOADER = "$(TEST_HOST)";
				CODE_SIGN_STYLE = Automatic;
				CURRENT_PROJECT_VERSION = 1;
				DEVELOPMENT_TEAM = 9N39247EUQ;
				GENERATE_INFOPLIST_FILE = YES;
				IPHONEOS_DEPLOYMENT_TARGET = 17.5;
				MARKETING_VERSION = 1.0;
				PRODUCT_BUNDLE_IDENTIFIER = co.uk.ottid.UltimatePortfolioTests;
				PRODUCT_NAME = "$(TARGET_NAME)";
				SDKROOT = iphoneos;
				SWIFT_EMIT_LOC_STRINGS = NO;
				SWIFT_VERSION = 5.0;
				TARGETED_DEVICE_FAMILY = "1,2";
				TEST_HOST = "$(BUILT_PRODUCTS_DIR)/UltimatePortfolio.app/$(BUNDLE_EXECUTABLE_FOLDER_PATH)/UltimatePortfolio";
				VALIDATE_PRODUCT = YES;
			};
			name = Release;
		};
		65EF68CD2C17301100232A30 /* Debug */ = {
			isa = XCBuildConfiguration;
			buildSettings = {
				ALWAYS_SEARCH_USER_PATHS = NO;
				ASSETCATALOG_COMPILER_GENERATE_SWIFT_ASSET_SYMBOL_EXTENSIONS = YES;
				CLANG_ANALYZER_LOCALIZABILITY_NONLOCALIZED = YES;
				CLANG_ANALYZER_NONNULL = YES;
				CLANG_ANALYZER_NUMBER_OBJECT_CONVERSION = YES_AGGRESSIVE;
				CLANG_CXX_LANGUAGE_STANDARD = "gnu++20";
				CLANG_ENABLE_MODULES = YES;
				CLANG_ENABLE_OBJC_ARC = YES;
				CLANG_ENABLE_OBJC_WEAK = YES;
				CLANG_WARN_BLOCK_CAPTURE_AUTORELEASING = YES;
				CLANG_WARN_BOOL_CONVERSION = YES;
				CLANG_WARN_COMMA = YES;
				CLANG_WARN_CONSTANT_CONVERSION = YES;
				CLANG_WARN_DEPRECATED_OBJC_IMPLEMENTATIONS = YES;
				CLANG_WARN_DIRECT_OBJC_ISA_USAGE = YES_ERROR;
				CLANG_WARN_DOCUMENTATION_COMMENTS = YES;
				CLANG_WARN_EMPTY_BODY = YES;
				CLANG_WARN_ENUM_CONVERSION = YES;
				CLANG_WARN_INFINITE_RECURSION = YES;
				CLANG_WARN_INT_CONVERSION = YES;
				CLANG_WARN_NON_LITERAL_NULL_CONVERSION = YES;
				CLANG_WARN_OBJC_IMPLICIT_RETAIN_SELF = YES;
				CLANG_WARN_OBJC_LITERAL_CONVERSION = YES;
				CLANG_WARN_OBJC_ROOT_CLASS = YES_ERROR;
				CLANG_WARN_QUOTED_INCLUDE_IN_FRAMEWORK_HEADER = YES;
				CLANG_WARN_RANGE_LOOP_ANALYSIS = YES;
				CLANG_WARN_STRICT_PROTOTYPES = YES;
				CLANG_WARN_SUSPICIOUS_MOVE = YES;
				CLANG_WARN_UNGUARDED_AVAILABILITY = YES_AGGRESSIVE;
				CLANG_WARN_UNREACHABLE_CODE = YES;
				CLANG_WARN__DUPLICATE_METHOD_MATCH = YES;
				COPY_PHASE_STRIP = NO;
				DEBUG_INFORMATION_FORMAT = dwarf;
				ENABLE_STRICT_OBJC_MSGSEND = YES;
				ENABLE_TESTABILITY = YES;
				ENABLE_USER_SCRIPT_SANDBOXING = YES;
				GCC_C_LANGUAGE_STANDARD = gnu17;
				GCC_DYNAMIC_NO_PIC = NO;
				GCC_NO_COMMON_BLOCKS = YES;
				GCC_OPTIMIZATION_LEVEL = 0;
				GCC_PREPROCESSOR_DEFINITIONS = (
					"DEBUG=1",
					"$(inherited)",
				);
				GCC_WARN_64_TO_32_BIT_CONVERSION = YES;
				GCC_WARN_ABOUT_RETURN_TYPE = YES_ERROR;
				GCC_WARN_UNDECLARED_SELECTOR = YES;
				GCC_WARN_UNINITIALIZED_AUTOS = YES_AGGRESSIVE;
				GCC_WARN_UNUSED_FUNCTION = YES;
				GCC_WARN_UNUSED_VARIABLE = YES;
				LOCALIZATION_PREFERS_STRING_CATALOGS = YES;
				MTL_ENABLE_DEBUG_INFO = INCLUDE_SOURCE;
				MTL_FAST_MATH = YES;
				ONLY_ACTIVE_ARCH = YES;
				SWIFT_ACTIVE_COMPILATION_CONDITIONS = "DEBUG $(inherited)";
				SWIFT_OPTIMIZATION_LEVEL = "-Onone";
			};
			name = Debug;
		};
		65EF68CE2C17301100232A30 /* Release */ = {
			isa = XCBuildConfiguration;
			buildSettings = {
				ALWAYS_SEARCH_USER_PATHS = NO;
				ASSETCATALOG_COMPILER_GENERATE_SWIFT_ASSET_SYMBOL_EXTENSIONS = YES;
				CLANG_ANALYZER_LOCALIZABILITY_NONLOCALIZED = YES;
				CLANG_ANALYZER_NONNULL = YES;
				CLANG_ANALYZER_NUMBER_OBJECT_CONVERSION = YES_AGGRESSIVE;
				CLANG_CXX_LANGUAGE_STANDARD = "gnu++20";
				CLANG_ENABLE_MODULES = YES;
				CLANG_ENABLE_OBJC_ARC = YES;
				CLANG_ENABLE_OBJC_WEAK = YES;
				CLANG_WARN_BLOCK_CAPTURE_AUTORELEASING = YES;
				CLANG_WARN_BOOL_CONVERSION = YES;
				CLANG_WARN_COMMA = YES;
				CLANG_WARN_CONSTANT_CONVERSION = YES;
				CLANG_WARN_DEPRECATED_OBJC_IMPLEMENTATIONS = YES;
				CLANG_WARN_DIRECT_OBJC_ISA_USAGE = YES_ERROR;
				CLANG_WARN_DOCUMENTATION_COMMENTS = YES;
				CLANG_WARN_EMPTY_BODY = YES;
				CLANG_WARN_ENUM_CONVERSION = YES;
				CLANG_WARN_INFINITE_RECURSION = YES;
				CLANG_WARN_INT_CONVERSION = YES;
				CLANG_WARN_NON_LITERAL_NULL_CONVERSION = YES;
				CLANG_WARN_OBJC_IMPLICIT_RETAIN_SELF = YES;
				CLANG_WARN_OBJC_LITERAL_CONVERSION = YES;
				CLANG_WARN_OBJC_ROOT_CLASS = YES_ERROR;
				CLANG_WARN_QUOTED_INCLUDE_IN_FRAMEWORK_HEADER = YES;
				CLANG_WARN_RANGE_LOOP_ANALYSIS = YES;
				CLANG_WARN_STRICT_PROTOTYPES = YES;
				CLANG_WARN_SUSPICIOUS_MOVE = YES;
				CLANG_WARN_UNGUARDED_AVAILABILITY = YES_AGGRESSIVE;
				CLANG_WARN_UNREACHABLE_CODE = YES;
				CLANG_WARN__DUPLICATE_METHOD_MATCH = YES;
				COPY_PHASE_STRIP = NO;
				DEBUG_INFORMATION_FORMAT = "dwarf-with-dsym";
				ENABLE_NS_ASSERTIONS = NO;
				ENABLE_STRICT_OBJC_MSGSEND = YES;
				ENABLE_USER_SCRIPT_SANDBOXING = YES;
				GCC_C_LANGUAGE_STANDARD = gnu17;
				GCC_NO_COMMON_BLOCKS = YES;
				GCC_WARN_64_TO_32_BIT_CONVERSION = YES;
				GCC_WARN_ABOUT_RETURN_TYPE = YES_ERROR;
				GCC_WARN_UNDECLARED_SELECTOR = YES;
				GCC_WARN_UNINITIALIZED_AUTOS = YES_AGGRESSIVE;
				GCC_WARN_UNUSED_FUNCTION = YES;
				GCC_WARN_UNUSED_VARIABLE = YES;
				LOCALIZATION_PREFERS_STRING_CATALOGS = YES;
				MTL_ENABLE_DEBUG_INFO = NO;
				MTL_FAST_MATH = YES;
				SWIFT_COMPILATION_MODE = wholemodule;
			};
			name = Release;
		};
		65EF68D02C17301100232A30 /* Debug */ = {
			isa = XCBuildConfiguration;
			buildSettings = {
				ASSETCATALOG_COMPILER_APPICON_NAME = AppIcon;
				ASSETCATALOG_COMPILER_GLOBAL_ACCENT_COLOR_NAME = AccentColor;
				CODE_SIGN_ENTITLEMENTS = UltimatePortfolio/Configuration/UltimatePortfolio.entitlements;
				CODE_SIGN_IDENTITY = "Apple Development";
				CODE_SIGN_STYLE = Automatic;
				CURRENT_PROJECT_VERSION = 1;
				DEVELOPMENT_ASSET_PATHS = "\"UltimatePortfolio/Preview Content\"";
				DEVELOPMENT_TEAM = 9N39247EUQ;
				ENABLE_HARDENED_RUNTIME = YES;
				ENABLE_PREVIEWS = YES;
				ENABLE_USER_SCRIPT_SANDBOXING = NO;
				GENERATE_INFOPLIST_FILE = YES;
				INFOPLIST_FILE = UltimatePortfolio/Configuration/Info.plist;
				"INFOPLIST_KEY_UIApplicationSceneManifest_Generation[sdk=iphoneos*]" = YES;
				"INFOPLIST_KEY_UIApplicationSceneManifest_Generation[sdk=iphonesimulator*]" = YES;
				"INFOPLIST_KEY_UIApplicationSupportsIndirectInputEvents[sdk=iphoneos*]" = YES;
				"INFOPLIST_KEY_UIApplicationSupportsIndirectInputEvents[sdk=iphonesimulator*]" = YES;
				"INFOPLIST_KEY_UILaunchScreen_Generation[sdk=iphoneos*]" = YES;
				"INFOPLIST_KEY_UILaunchScreen_Generation[sdk=iphonesimulator*]" = YES;
				"INFOPLIST_KEY_UIStatusBarStyle[sdk=iphoneos*]" = UIStatusBarStyleDefault;
				"INFOPLIST_KEY_UIStatusBarStyle[sdk=iphonesimulator*]" = UIStatusBarStyleDefault;
				INFOPLIST_KEY_UISupportedInterfaceOrientations_iPad = "UIInterfaceOrientationPortrait UIInterfaceOrientationPortraitUpsideDown UIInterfaceOrientationLandscapeLeft UIInterfaceOrientationLandscapeRight";
				INFOPLIST_KEY_UISupportedInterfaceOrientations_iPhone = "UIInterfaceOrientationPortrait UIInterfaceOrientationLandscapeLeft UIInterfaceOrientationLandscapeRight";
				IPHONEOS_DEPLOYMENT_TARGET = 17.5;
				LD_RUNPATH_SEARCH_PATHS = "@executable_path/Frameworks";
				"LD_RUNPATH_SEARCH_PATHS[sdk=macosx*]" = "@executable_path/../Frameworks";
				MACOSX_DEPLOYMENT_TARGET = 14.4;
				MARKETING_VERSION = 1.0;
				PRODUCT_BUNDLE_IDENTIFIER = uk.co.ottid.UltimatePortfolio;
				PRODUCT_NAME = "$(TARGET_NAME)";
				PROVISIONING_PROFILE_SPECIFIER = "";
				SDKROOT = auto;
				SUPPORTED_PLATFORMS = "iphoneos iphonesimulator macosx";
				SWIFT_EMIT_LOC_STRINGS = YES;
				SWIFT_VERSION = 5.0;
				TARGETED_DEVICE_FAMILY = "1,2";
			};
			name = Debug;
		};
		65EF68D12C17301100232A30 /* Release */ = {
			isa = XCBuildConfiguration;
			buildSettings = {
				ASSETCATALOG_COMPILER_APPICON_NAME = AppIcon;
				ASSETCATALOG_COMPILER_GLOBAL_ACCENT_COLOR_NAME = AccentColor;
				CODE_SIGN_ENTITLEMENTS = UltimatePortfolio/Configuration/UltimatePortfolio.entitlements;
				CODE_SIGN_IDENTITY = "Apple Development";
				CODE_SIGN_STYLE = Automatic;
				CURRENT_PROJECT_VERSION = 1;
				DEVELOPMENT_ASSET_PATHS = "\"UltimatePortfolio/Preview Content\"";
				DEVELOPMENT_TEAM = 9N39247EUQ;
				ENABLE_HARDENED_RUNTIME = YES;
				ENABLE_PREVIEWS = YES;
				ENABLE_USER_SCRIPT_SANDBOXING = NO;
				GENERATE_INFOPLIST_FILE = YES;
				INFOPLIST_FILE = UltimatePortfolio/Configuration/Info.plist;
				"INFOPLIST_KEY_UIApplicationSceneManifest_Generation[sdk=iphoneos*]" = YES;
				"INFOPLIST_KEY_UIApplicationSceneManifest_Generation[sdk=iphonesimulator*]" = YES;
				"INFOPLIST_KEY_UIApplicationSupportsIndirectInputEvents[sdk=iphoneos*]" = YES;
				"INFOPLIST_KEY_UIApplicationSupportsIndirectInputEvents[sdk=iphonesimulator*]" = YES;
				"INFOPLIST_KEY_UILaunchScreen_Generation[sdk=iphoneos*]" = YES;
				"INFOPLIST_KEY_UILaunchScreen_Generation[sdk=iphonesimulator*]" = YES;
				"INFOPLIST_KEY_UIStatusBarStyle[sdk=iphoneos*]" = UIStatusBarStyleDefault;
				"INFOPLIST_KEY_UIStatusBarStyle[sdk=iphonesimulator*]" = UIStatusBarStyleDefault;
				INFOPLIST_KEY_UISupportedInterfaceOrientations_iPad = "UIInterfaceOrientationPortrait UIInterfaceOrientationPortraitUpsideDown UIInterfaceOrientationLandscapeLeft UIInterfaceOrientationLandscapeRight";
				INFOPLIST_KEY_UISupportedInterfaceOrientations_iPhone = "UIInterfaceOrientationPortrait UIInterfaceOrientationLandscapeLeft UIInterfaceOrientationLandscapeRight";
				IPHONEOS_DEPLOYMENT_TARGET = 17.5;
				LD_RUNPATH_SEARCH_PATHS = "@executable_path/Frameworks";
				"LD_RUNPATH_SEARCH_PATHS[sdk=macosx*]" = "@executable_path/../Frameworks";
				MACOSX_DEPLOYMENT_TARGET = 14.4;
				MARKETING_VERSION = 1.0;
				PRODUCT_BUNDLE_IDENTIFIER = uk.co.ottid.UltimatePortfolio;
				PRODUCT_NAME = "$(TARGET_NAME)";
				PROVISIONING_PROFILE_SPECIFIER = "";
				SDKROOT = auto;
				SUPPORTED_PLATFORMS = "iphoneos iphonesimulator macosx";
				SWIFT_EMIT_LOC_STRINGS = YES;
				SWIFT_VERSION = 5.0;
				TARGETED_DEVICE_FAMILY = "1,2";
			};
			name = Release;
		};
/* End XCBuildConfiguration section */

/* Begin XCConfigurationList section */
		65B8F36C2C372EA600E28252 /* Build configuration list for PBXNativeTarget "UltimatePortfolioTests" */ = {
			isa = XCConfigurationList;
			buildConfigurations = (
				65B8F36D2C372EA600E28252 /* Debug */,
				65B8F36E2C372EA600E28252 /* Release */,
			);
			defaultConfigurationIsVisible = 0;
			defaultConfigurationName = Release;
		};
		65EF68BB2C17301000232A30 /* Build configuration list for PBXProject "UltimatePortfolio" */ = {
			isa = XCConfigurationList;
			buildConfigurations = (
				65EF68CD2C17301100232A30 /* Debug */,
				65EF68CE2C17301100232A30 /* Release */,
			);
			defaultConfigurationIsVisible = 0;
			defaultConfigurationName = Release;
		};
		65EF68CF2C17301100232A30 /* Build configuration list for PBXNativeTarget "UltimatePortfolio" */ = {
			isa = XCConfigurationList;
			buildConfigurations = (
				65EF68D02C17301100232A30 /* Debug */,
				65EF68D12C17301100232A30 /* Release */,
			);
			defaultConfigurationIsVisible = 0;
			defaultConfigurationName = Release;
		};
/* End XCConfigurationList section */

/* Begin XCVersionGroup section */
		65EF68D22C173D5B00232A30 /* Main.xcdatamodeld */ = {
			isa = XCVersionGroup;
			children = (
				65EF68D32C173D5B00232A30 /* Main.xcdatamodel */,
			);
			currentVersion = 65EF68D32C173D5B00232A30 /* Main.xcdatamodel */;
			path = Main.xcdatamodeld;
			sourceTree = "<group>";
			versionGroupType = wrapper.xcdatamodel;
		};
/* End XCVersionGroup section */
	};
	rootObject = 65EF68B82C17301000232A30 /* Project object */;
}
